
Microsoft Visual Studio Solution File, Format Version 12.00
# Visual Studio 2013
VisualStudioVersion = 12.0.31101.0
MinimumVisualStudioVersion = 10.0.40219.1
Project("{8BC9CEB8-8B4A-11D0-8D11-00A0C91BC942}") = "native-stl", "native-stl\native-stl.vcxproj", "{A191482B-B082-4913-80AB-1E06AD1E93C1}"
EndProject
Project("{8BC9CEB8-8B4A-11D0-8D11-00A0C91BC942}") = "native-neon", "native-neon\native-neon.vcxproj", "{34677C05-0918-4CA2-BC38-3BC93358CF6E}"
EndProject
Project("{8BC9CEB8-8B4A-11D0-8D11-00A0C91BC942}") = "native-library-a", "native-library-a\native-library-a.vcxproj", "{94272158-481E-439F-8996-6C49CF6BD211}"
EndProject
Project("{8BC9CEB8-8B4A-11D0-8D11-00A0C91BC942}") = "native-library-b", "native-library-b\native-library-b.vcxproj", "{1596F6E9-F058-4994-B086-923FBC3FD158}"
EndProject
Project("{8BC9CEB8-8B4A-11D0-8D11-00A0C91BC942}") = "native-library-jni", "native-library-jni\native-library-jni.vcxproj", "{4A09B316-A112-4B4B-B8DF-AB16867DDEBF}"
EndProject
Project("{8BC9CEB8-8B4A-11D0-8D11-00A0C91BC942}") = "native-pch", "native-pch\native-pch.vcxproj", "{7683670E-3D54-4E75-93D6-9E1F4A7F294B}"
EndProject
Project("{8BC9CEB8-8B4A-11D0-8D11-00A0C91BC942}") = "native-compile-arm64-v8a", "native-compile-arm64-v8a\native-compile-arm64-v8a.vcxproj", "{C5F31F27-D3AC-4E6E-A2AA-BEAB62AC168E}"
EndProject
Project("{8BC9CEB8-8B4A-11D0-8D11-00A0C91BC942}") = "native-compile-armv5te", "native-compile-armv5te\native-compile-armv5te.vcxproj", "{F5C9C01C-A7B1-4914-AA49-764D84EB3AD9}"
EndProject
Project("{8BC9CEB8-8B4A-11D0-8D11-00A0C91BC942}") = "native-compile-armv7-a", "native-compile-armv7-a\native-compile-armv7-a.vcxproj", "{AAC7B46C-E755-4D13-9467-BE1941B47E39}"
EndProject
Project("{8BC9CEB8-8B4A-11D0-8D11-00A0C91BC942}") = "native-compile-armv7-a-hard", "native-compile-armv7-a-hard\native-compile-armv7-a-hard.vcxproj", "{5C455AD4-3A51-47AD-808A-9077195B30C7}"
EndProject
Project("{8BC9CEB8-8B4A-11D0-8D11-00A0C91BC942}") = "native-compile-x86", "native-compile-x86\native-compile-x86.vcxproj", "{FA7C1EF4-9000-45BB-AD80-E94069DAA32D}"
EndProject
Project("{8BC9CEB8-8B4A-11D0-8D11-00A0C91BC942}") = "native-compile-x86_64", "native-compile-x86_64\native-compile-x86_64.vcxproj", "{8B194B26-A788-4842-895E-CE6400B97113}"
EndProject
Project("{8BC9CEB8-8B4A-11D0-8D11-00A0C91BC942}") = "native-executable", "native-executable\native-executable.vcxproj", "{AF9DF894-C791-4E8B-8DAC-C65C23BD6823}"
EndProject
Global
	GlobalSection(SolutionConfigurationPlatforms) = preSolution
		Debug|Android++ = Debug|Android++
		Debug|Android++.armv7-a = Debug|Android++.armv7-a
		Debug|Mixed Platforms = Debug|Mixed Platforms
		Release|Android++ = Release|Android++
		Release|Android++.armv7-a = Release|Android++.armv7-a
		Release|Mixed Platforms = Release|Mixed Platforms
	EndGlobalSection
	GlobalSection(ProjectConfigurationPlatforms) = postSolution
		{A191482B-B082-4913-80AB-1E06AD1E93C1}.Debug|Android++.ActiveCfg = Debug|Android++.armv7-a
		{A191482B-B082-4913-80AB-1E06AD1E93C1}.Debug|Android++.Build.0 = Debug|Android++.armv7-a
		{A191482B-B082-4913-80AB-1E06AD1E93C1}.Debug|Android++.armv7-a.ActiveCfg = Debug|Android++.armv7-a
		{A191482B-B082-4913-80AB-1E06AD1E93C1}.Debug|Android++.armv7-a.Build.0 = Debug|Android++.armv7-a
		{A191482B-B082-4913-80AB-1E06AD1E93C1}.Debug|Mixed Platforms.ActiveCfg = Debug|Android++.armv7-a
		{A191482B-B082-4913-80AB-1E06AD1E93C1}.Debug|Mixed Platforms.Build.0 = Debug|Android++.armv7-a
		{A191482B-B082-4913-80AB-1E06AD1E93C1}.Release|Android++.ActiveCfg = Release|Android++.armv7-a
		{A191482B-B082-4913-80AB-1E06AD1E93C1}.Release|Android++.Build.0 = Release|Android++.armv7-a
		{A191482B-B082-4913-80AB-1E06AD1E93C1}.Release|Android++.armv7-a.ActiveCfg = Release|Android++.armv7-a
		{A191482B-B082-4913-80AB-1E06AD1E93C1}.Release|Android++.armv7-a.Build.0 = Release|Android++.armv7-a
		{A191482B-B082-4913-80AB-1E06AD1E93C1}.Release|Mixed Platforms.ActiveCfg = Release|Android++.armv7-a
		{A191482B-B082-4913-80AB-1E06AD1E93C1}.Release|Mixed Platforms.Build.0 = Release|Android++.armv7-a
		{34677C05-0918-4CA2-BC38-3BC93358CF6E}.Debug|Android++.ActiveCfg = Debug|Android++.armv7-a
		{34677C05-0918-4CA2-BC38-3BC93358CF6E}.Debug|Android++.Build.0 = Debug|Android++.armv7-a
		{34677C05-0918-4CA2-BC38-3BC93358CF6E}.Debug|Android++.armv7-a.ActiveCfg = Debug|Android++.armv7-a
		{34677C05-0918-4CA2-BC38-3BC93358CF6E}.Debug|Android++.armv7-a.Build.0 = Debug|Android++.armv7-a
		{34677C05-0918-4CA2-BC38-3BC93358CF6E}.Debug|Mixed Platforms.ActiveCfg = Debug|Android++.armv7-a
		{34677C05-0918-4CA2-BC38-3BC93358CF6E}.Debug|Mixed Platforms.Build.0 = Debug|Android++.armv7-a
		{34677C05-0918-4CA2-BC38-3BC93358CF6E}.Release|Android++.ActiveCfg = Release|Android++.armv7-a
		{34677C05-0918-4CA2-BC38-3BC93358CF6E}.Release|Android++.Build.0 = Release|Android++.armv7-a
		{34677C05-0918-4CA2-BC38-3BC93358CF6E}.Release|Android++.armv7-a.ActiveCfg = Release|Android++.armv7-a
		{34677C05-0918-4CA2-BC38-3BC93358CF6E}.Release|Android++.armv7-a.Build.0 = Release|Android++.armv7-a
		{34677C05-0918-4CA2-BC38-3BC93358CF6E}.Release|Mixed Platforms.ActiveCfg = Release|Android++.armv7-a
		{34677C05-0918-4CA2-BC38-3BC93358CF6E}.Release|Mixed Platforms.Build.0 = Release|Android++.armv7-a
		{94272158-481E-439F-8996-6C49CF6BD211}.Debug|Android++.ActiveCfg = Debug|Android++.armv7-a
		{94272158-481E-439F-8996-6C49CF6BD211}.Debug|Android++.Build.0 = Debug|Android++.armv7-a
		{94272158-481E-439F-8996-6C49CF6BD211}.Debug|Android++.armv7-a.ActiveCfg = Debug|Android++.armv7-a
		{94272158-481E-439F-8996-6C49CF6BD211}.Debug|Android++.armv7-a.Build.0 = Debug|Android++.armv7-a
		{94272158-481E-439F-8996-6C49CF6BD211}.Debug|Mixed Platforms.ActiveCfg = Debug|Android++.armv7-a
		{94272158-481E-439F-8996-6C49CF6BD211}.Debug|Mixed Platforms.Build.0 = Debug|Android++.armv7-a
		{94272158-481E-439F-8996-6C49CF6BD211}.Release|Android++.ActiveCfg = Release|Android++.armv7-a
		{94272158-481E-439F-8996-6C49CF6BD211}.Release|Android++.Build.0 = Release|Android++.armv7-a
		{94272158-481E-439F-8996-6C49CF6BD211}.Release|Android++.armv7-a.ActiveCfg = Release|Android++.armv7-a
		{94272158-481E-439F-8996-6C49CF6BD211}.Release|Android++.armv7-a.Build.0 = Release|Android++.armv7-a
		{94272158-481E-439F-8996-6C49CF6BD211}.Release|Mixed Platforms.ActiveCfg = Release|Android++.armv7-a
		{94272158-481E-439F-8996-6C49CF6BD211}.Release|Mixed Platforms.Build.0 = Release|Android++.armv7-a
		{1596F6E9-F058-4994-B086-923FBC3FD158}.Debug|Android++.ActiveCfg = Debug|Android++.armv7-a
		{1596F6E9-F058-4994-B086-923FBC3FD158}.Debug|Android++.Build.0 = Debug|Android++.armv7-a
		{1596F6E9-F058-4994-B086-923FBC3FD158}.Debug|Android++.armv7-a.ActiveCfg = Debug|Android++.armv7-a
		{1596F6E9-F058-4994-B086-923FBC3FD158}.Debug|Android++.armv7-a.Build.0 = Debug|Android++.armv7-a
		{1596F6E9-F058-4994-B086-923FBC3FD158}.Debug|Mixed Platforms.ActiveCfg = Debug|Android++.armv7-a
		{1596F6E9-F058-4994-B086-923FBC3FD158}.Debug|Mixed Platforms.Build.0 = Debug|Android++.armv7-a
		{1596F6E9-F058-4994-B086-923FBC3FD158}.Release|Android++.ActiveCfg = Release|Android++.armv7-a
		{1596F6E9-F058-4994-B086-923FBC3FD158}.Release|Android++.Build.0 = Release|Android++.armv7-a
		{1596F6E9-F058-4994-B086-923FBC3FD158}.Release|Android++.armv7-a.ActiveCfg = Release|Android++.armv7-a
		{1596F6E9-F058-4994-B086-923FBC3FD158}.Release|Android++.armv7-a.Build.0 = Release|Android++.armv7-a
		{1596F6E9-F058-4994-B086-923FBC3FD158}.Release|Mixed Platforms.ActiveCfg = Release|Android++.armv7-a
		{1596F6E9-F058-4994-B086-923FBC3FD158}.Release|Mixed Platforms.Build.0 = Release|Android++.armv7-a
		{4A09B316-A112-4B4B-B8DF-AB16867DDEBF}.Debug|Android++.ActiveCfg = Debug|Android++.armv7-a
		{4A09B316-A112-4B4B-B8DF-AB16867DDEBF}.Debug|Android++.Build.0 = Debug|Android++.armv7-a
		{4A09B316-A112-4B4B-B8DF-AB16867DDEBF}.Debug|Android++.armv7-a.ActiveCfg = Debug|Android++.armv7-a
		{4A09B316-A112-4B4B-B8DF-AB16867DDEBF}.Debug|Android++.armv7-a.Build.0 = Debug|Android++.armv7-a
		{4A09B316-A112-4B4B-B8DF-AB16867DDEBF}.Debug|Mixed Platforms.ActiveCfg = Debug|Android++.armv7-a
		{4A09B316-A112-4B4B-B8DF-AB16867DDEBF}.Debug|Mixed Platforms.Build.0 = Debug|Android++.armv7-a
		{4A09B316-A112-4B4B-B8DF-AB16867DDEBF}.Release|Android++.ActiveCfg = Release|Android++.armv7-a
		{4A09B316-A112-4B4B-B8DF-AB16867DDEBF}.Release|Android++.Build.0 = Release|Android++.armv7-a
		{4A09B316-A112-4B4B-B8DF-AB16867DDEBF}.Release|Android++.armv7-a.ActiveCfg = Release|Android++.armv7-a
		{4A09B316-A112-4B4B-B8DF-AB16867DDEBF}.Release|Android++.armv7-a.Build.0 = Release|Android++.armv7-a
		{4A09B316-A112-4B4B-B8DF-AB16867DDEBF}.Release|Mixed Platforms.ActiveCfg = Release|Android++.armv7-a
		{4A09B316-A112-4B4B-B8DF-AB16867DDEBF}.Release|Mixed Platforms.Build.0 = Release|Android++.armv7-a
		{7683670E-3D54-4E75-93D6-9E1F4A7F294B}.Debug|Android++.ActiveCfg = Debug|Android++.armv7-a
		{7683670E-3D54-4E75-93D6-9E1F4A7F294B}.Debug|Android++.Build.0 = Debug|Android++.armv7-a
		{7683670E-3D54-4E75-93D6-9E1F4A7F294B}.Debug|Android++.armv7-a.ActiveCfg = Debug|Android++.armv7-a
		{7683670E-3D54-4E75-93D6-9E1F4A7F294B}.Debug|Android++.armv7-a.Build.0 = Debug|Android++.armv7-a
		{7683670E-3D54-4E75-93D6-9E1F4A7F294B}.Debug|Mixed Platforms.ActiveCfg = Debug|Android++.armv7-a
		{7683670E-3D54-4E75-93D6-9E1F4A7F294B}.Debug|Mixed Platforms.Build.0 = Debug|Android++.armv7-a
		{7683670E-3D54-4E75-93D6-9E1F4A7F294B}.Release|Android++.ActiveCfg = Release|Android++.armv7-a
		{7683670E-3D54-4E75-93D6-9E1F4A7F294B}.Release|Android++.Build.0 = Release|Android++.armv7-a
		{7683670E-3D54-4E75-93D6-9E1F4A7F294B}.Release|Android++.armv7-a.ActiveCfg = Release|Android++.armv7-a
		{7683670E-3D54-4E75-93D6-9E1F4A7F294B}.Release|Android++.armv7-a.Build.0 = Release|Android++.armv7-a
		{7683670E-3D54-4E75-93D6-9E1F4A7F294B}.Release|Mixed Platforms.ActiveCfg = Release|Android++.armv7-a
		{7683670E-3D54-4E75-93D6-9E1F4A7F294B}.Release|Mixed Platforms.Build.0 = Release|Android++.armv7-a
		{C5F31F27-D3AC-4E6E-A2AA-BEAB62AC168E}.Debug|Android++.ActiveCfg = Debug|Android++.arm64-v8a
		{C5F31F27-D3AC-4E6E-A2AA-BEAB62AC168E}.Debug|Android++.Build.0 = Debug|Android++.arm64-v8a
		{C5F31F27-D3AC-4E6E-A2AA-BEAB62AC168E}.Debug|Android++.armv7-a.ActiveCfg = Debug|Android++.arm64-v8a
		{C5F31F27-D3AC-4E6E-A2AA-BEAB62AC168E}.Debug|Mixed Platforms.ActiveCfg = Debug|Android++.arm64-v8a
		{C5F31F27-D3AC-4E6E-A2AA-BEAB62AC168E}.Debug|Mixed Platforms.Build.0 = Debug|Android++.arm64-v8a
		{C5F31F27-D3AC-4E6E-A2AA-BEAB62AC168E}.Release|Android++.ActiveCfg = Release|Android++.arm64-v8a
		{C5F31F27-D3AC-4E6E-A2AA-BEAB62AC168E}.Release|Android++.Build.0 = Release|Android++.arm64-v8a
		{C5F31F27-D3AC-4E6E-A2AA-BEAB62AC168E}.Release|Android++.armv7-a.ActiveCfg = Release|Android++.arm64-v8a
		{C5F31F27-D3AC-4E6E-A2AA-BEAB62AC168E}.Release|Mixed Platforms.ActiveCfg = Release|Android++.arm64-v8a
		{C5F31F27-D3AC-4E6E-A2AA-BEAB62AC168E}.Release|Mixed Platforms.Build.0 = Release|Android++.arm64-v8a
		{F5C9C01C-A7B1-4914-AA49-764D84EB3AD9}.Debug|Android++.ActiveCfg = Debug|Android++.armv5te
		{F5C9C01C-A7B1-4914-AA49-764D84EB3AD9}.Debug|Android++.Build.0 = Debug|Android++.armv5te
		{F5C9C01C-A7B1-4914-AA49-764D84EB3AD9}.Debug|Android++.armv7-a.ActiveCfg = Debug|Android++.armv5te
		{F5C9C01C-A7B1-4914-AA49-764D84EB3AD9}.Debug|Mixed Platforms.ActiveCfg = Debug|Android++.armv5te
		{F5C9C01C-A7B1-4914-AA49-764D84EB3AD9}.Debug|Mixed Platforms.Build.0 = Debug|Android++.armv5te
		{F5C9C01C-A7B1-4914-AA49-764D84EB3AD9}.Release|Android++.ActiveCfg = Release|Android++.armv5te
		{F5C9C01C-A7B1-4914-AA49-764D84EB3AD9}.Release|Android++.Build.0 = Release|Android++.armv5te
		{F5C9C01C-A7B1-4914-AA49-764D84EB3AD9}.Release|Android++.armv7-a.ActiveCfg = Release|Android++.armv5te
		{F5C9C01C-A7B1-4914-AA49-764D84EB3AD9}.Release|Mixed Platforms.ActiveCfg = Release|Android++.armv5te
		{F5C9C01C-A7B1-4914-AA49-764D84EB3AD9}.Release|Mixed Platforms.Build.0 = Release|Android++.armv5te
		{AAC7B46C-E755-4D13-9467-BE1941B47E39}.Debug|Android++.ActiveCfg = Debug|Android++.armv7-a
		{AAC7B46C-E755-4D13-9467-BE1941B47E39}.Debug|Android++.Build.0 = Debug|Android++.armv7-a
		{AAC7B46C-E755-4D13-9467-BE1941B47E39}.Debug|Android++.armv7-a.ActiveCfg = Debug|Android++.armv7-a
		{AAC7B46C-E755-4D13-9467-BE1941B47E39}.Debug|Android++.armv7-a.Build.0 = Debug|Android++.armv7-a
		{AAC7B46C-E755-4D13-9467-BE1941B47E39}.Debug|Mixed Platforms.ActiveCfg = Debug|Android++.armv7-a
		{AAC7B46C-E755-4D13-9467-BE1941B47E39}.Debug|Mixed Platforms.Build.0 = Debug|Android++.armv7-a
		{AAC7B46C-E755-4D13-9467-BE1941B47E39}.Release|Android++.ActiveCfg = Release|Android++.armv7-a
		{AAC7B46C-E755-4D13-9467-BE1941B47E39}.Release|Android++.Build.0 = Release|Android++.armv7-a
		{AAC7B46C-E755-4D13-9467-BE1941B47E39}.Release|Android++.armv7-a.ActiveCfg = Release|Android++.armv7-a
		{AAC7B46C-E755-4D13-9467-BE1941B47E39}.Release|Android++.armv7-a.Build.0 = Release|Android++.armv7-a
		{AAC7B46C-E755-4D13-9467-BE1941B47E39}.Release|Mixed Platforms.ActiveCfg = Release|Android++.armv7-a
		{AAC7B46C-E755-4D13-9467-BE1941B47E39}.Release|Mixed Platforms.Build.0 = Release|Android++.armv7-a
		{5C455AD4-3A51-47AD-808A-9077195B30C7}.Debug|Android++.ActiveCfg = Debug|Android++.armv7-a-hard
		{5C455AD4-3A51-47AD-808A-9077195B30C7}.Debug|Android++.Build.0 = Debug|Android++.armv7-a-hard
		{5C455AD4-3A51-47AD-808A-9077195B30C7}.Debug|Android++.armv7-a.ActiveCfg = Debug|Android++.armv7-a-hard
		{5C455AD4-3A51-47AD-808A-9077195B30C7}.Debug|Mixed Platforms.ActiveCfg = Debug|Android++.armv7-a-hard
		{5C455AD4-3A51-47AD-808A-9077195B30C7}.Debug|Mixed Platforms.Build.0 = Debug|Android++.armv7-a-hard
		{5C455AD4-3A51-47AD-808A-9077195B30C7}.Release|Android++.ActiveCfg = Release|Android++.armv7-a-hard
		{5C455AD4-3A51-47AD-808A-9077195B30C7}.Release|Android++.Build.0 = Release|Android++.armv7-a-hard
		{5C455AD4-3A51-47AD-808A-9077195B30C7}.Release|Android++.armv7-a.ActiveCfg = Release|Android++.armv7-a-hard
		{5C455AD4-3A51-47AD-808A-9077195B30C7}.Release|Mixed Platforms.ActiveCfg = Release|Android++.armv7-a-hard
		{5C455AD4-3A51-47AD-808A-9077195B30C7}.Release|Mixed Platforms.Build.0 = Release|Android++.armv7-a-hard
		{FA7C1EF4-9000-45BB-AD80-E94069DAA32D}.Debug|Android++.ActiveCfg = Debug|Android++.x86
		{FA7C1EF4-9000-45BB-AD80-E94069DAA32D}.Debug|Android++.Build.0 = Debug|Android++.x86
		{FA7C1EF4-9000-45BB-AD80-E94069DAA32D}.Debug|Android++.armv7-a.ActiveCfg = Debug|Android++.x86
		{FA7C1EF4-9000-45BB-AD80-E94069DAA32D}.Debug|Mixed Platforms.ActiveCfg = Debug|Android++.x86
		{FA7C1EF4-9000-45BB-AD80-E94069DAA32D}.Debug|Mixed Platforms.Build.0 = Debug|Android++.x86
		{FA7C1EF4-9000-45BB-AD80-E94069DAA32D}.Release|Android++.ActiveCfg = Release|Android++.x86
		{FA7C1EF4-9000-45BB-AD80-E94069DAA32D}.Release|Android++.Build.0 = Release|Android++.x86
		{FA7C1EF4-9000-45BB-AD80-E94069DAA32D}.Release|Android++.armv7-a.ActiveCfg = Release|Android++.x86
		{FA7C1EF4-9000-45BB-AD80-E94069DAA32D}.Release|Mixed Platforms.ActiveCfg = Release|Android++.x86
		{FA7C1EF4-9000-45BB-AD80-E94069DAA32D}.Release|Mixed Platforms.Build.0 = Release|Android++.x86
		{8B194B26-A788-4842-895E-CE6400B97113}.Debug|Android++.ActiveCfg = Debug|Android++.x86-64
		{8B194B26-A788-4842-895E-CE6400B97113}.Debug|Android++.Build.0 = Debug|Android++.x86-64
		{8B194B26-A788-4842-895E-CE6400B97113}.Debug|Android++.armv7-a.ActiveCfg = Debug|Android++.x86-64
		{8B194B26-A788-4842-895E-CE6400B97113}.Debug|Mixed Platforms.ActiveCfg = Debug|Android++.x86-64
		{8B194B26-A788-4842-895E-CE6400B97113}.Debug|Mixed Platforms.Build.0 = Debug|Android++.x86-64
		{8B194B26-A788-4842-895E-CE6400B97113}.Release|Android++.ActiveCfg = Release|Android++.x86-64
		{8B194B26-A788-4842-895E-CE6400B97113}.Release|Android++.Build.0 = Release|Android++.x86-64
		{8B194B26-A788-4842-895E-CE6400B97113}.Release|Android++.armv7-a.ActiveCfg = Release|Android++.x86-64
		{8B194B26-A788-4842-895E-CE6400B97113}.Release|Mixed Platforms.ActiveCfg = Release|Android++.x86-64
		{8B194B26-A788-4842-895E-CE6400B97113}.Release|Mixed Platforms.Build.0 = Release|Android++.x86-64
		{AF9DF894-C791-4E8B-8DAC-C65C23BD6823}.Debug|Android++.ActiveCfg = Debug|Android++.armv7-a
		{AF9DF894-C791-4E8B-8DAC-C65C23BD6823}.Debug|Android++.armv7-a.ActiveCfg = Debug|Android++.armv7-a
		{AF9DF894-C791-4E8B-8DAC-C65C23BD6823}.Debug|Android++.armv7-a.Build.0 = Debug|Android++.armv7-a
		{AF9DF894-C791-4E8B-8DAC-C65C23BD6823}.Debug|Mixed Platforms.ActiveCfg = Debug|Android++.armv7-a
		{AF9DF894-C791-4E8B-8DAC-C65C23BD6823}.Debug|Mixed Platforms.Build.0 = Debug|Android++.armv7-a
		{AF9DF894-C791-4E8B-8DAC-C65C23BD6823}.Release|Android++.ActiveCfg = Release|Android++.armv7-a
		{AF9DF894-C791-4E8B-8DAC-C65C23BD6823}.Release|Android++.armv7-a.ActiveCfg = Release|Android++.armv7-a
		{AF9DF894-C791-4E8B-8DAC-C65C23BD6823}.Release|Android++.armv7-a.Build.0 = Release|Android++.armv7-a
		{AF9DF894-C791-4E8B-8DAC-C65C23BD6823}.Release|Mixed Platforms.ActiveCfg = Release|Android++.armv7-a
		{AF9DF894-C791-4E8B-8DAC-C65C23BD6823}.Release|Mixed Platforms.Build.0 = Release|Android++.armv7-a
	EndGlobalSection
	GlobalSection(SolutionProperties) = preSolution
		HideSolutionNode = FALSE
	EndGlobalSection
EndGlobal
