<?xml version="1.0" encoding="utf-8"?>
<Project ToolsVersion="4.0" xmlns="http://schemas.microsoft.com/developer/msbuild/2003">
  <ItemGroup>
    <Filter Include="Source Files">
      <UniqueIdentifier>{4FC737F1-C7A5-4376-A066-2A32D752A2FF}</UniqueIdentifier>
      <Extensions>cpp;c;cc;cxx;def;odl;idl;hpj;bat;asm;asmx</Extensions>
    </Filter>
    <Filter Include="Header Files">
      <UniqueIdentifier>{93995380-89BD-4b04-88EB-625FBE52EBFB}</UniqueIdentifier>
      <Extensions>h;hpp;hxx;hm;inl;inc;xsd</Extensions>
    </Filter>
    <Filter Include="Resource Files">
      <UniqueIdentifier>{67DA6AB6-F800-4c08-8B7A-83BB121AAD01}</UniqueIdentifier>
      <Extensions>rc;ico;cur;bmp;dlg;rc2;rct;bin;rgs;gif;jpg;jpeg;jpe;resx;tiff;tif;png;wav;mfcribbon-ms</Extensions>
    </Filter>
  </ItemGroup>
  <ItemGroup>
    <ClCompile Include="src\ZipAlign.cpp">
      <Filter>Source Files</Filter>
    </ClCompile>
    <ClCompile Include="src\ZipEntry.cpp">
      <Filter>Source Files</Filter>
    </ClCompile>
    <ClCompile Include="src\ZipFile.cpp">
      <Filter>Source Files</Filter>
    </ClCompile>
    <ClCompile Include="src\zopfli\blocksplitter.c">
      <Filter>Source Files</Filter>
    </ClCompile>
    <ClCompile Include="src\zopfli\zopfli_lib.c">
      <Filter>Source Files</Filter>
    </ClCompile>
    <ClCompile Include="src\zopfli\cache.c">
      <Filter>Source Files</Filter>
    </ClCompile>
    <ClCompile Include="src\zopfli\deflate.c">
      <Filter>Source Files</Filter>
    </ClCompile>
    <ClCompile Include="src\zopfli\gzip_container.c">
      <Filter>Source Files</Filter>
    </ClCompile>
    <ClCompile Include="src\zopfli\hash.c">
      <Filter>Source Files</Filter>
    </ClCompile>
    <ClCompile Include="src\zopfli\katajainen.c">
      <Filter>Source Files</Filter>
    </ClCompile>
    <ClCompile Include="src\zopfli\lz77.c">
      <Filter>Source Files</Filter>
    </ClCompile>
    <ClCompile Include="src\zopfli\squeeze.c">
      <Filter>Source Files</Filter>
    </ClCompile>
    <ClCompile Include="src\zopfli\tree.c">
      <Filter>Source Files</Filter>
    </ClCompile>
    <ClCompile Include="src\zopfli\util.c">
      <Filter>Source Files</Filter>
    </ClCompile>
    <ClCompile Include="src\zopfli\zlib_container.c">
      <Filter>Source Files</Filter>
    </ClCompile>
    <ClCompile Include="src\androidfw\utils\ZipUtils.cpp">
      <Filter>Source Files</Filter>
    </ClCompile>
  </ItemGroup>
  <ItemGroup>
    <ClInclude Include="src\ZipFile.h">
      <Filter>Header Files</Filter>
    </ClInclude>
    <ClInclude Include="src\ZipEntry.h">
      <Filter>Header Files</Filter>
    </ClInclude>
    <ClInclude Include="src\utils\Errors.h">
      <Filter>Header Files</Filter>
    </ClInclude>
    <ClInclude Include="src\utils\Log.h">
      <Filter>Header Files</Filter>
    </ClInclude>
    <ClInclude Include="src\utils\Vector.h">
      <Filter>Header Files</Filter>
    </ClInclude>
    <ClInclude Include="src\zopfli\blocksplitter.h">
      <Filter>Header Files</Filter>
    </ClInclude>
    <ClInclude Include="src\zopfli\cache.h">
      <Filter>Header Files</Filter>
    </ClInclude>
    <ClInclude Include="src\zopfli\deflate.h">
      <Filter>Header Files</Filter>
    </ClInclude>
    <ClInclude Include="src\zopfli\gzip_container.h">
      <Filter>Header Files</Filter>
    </ClInclude>
    <ClInclude Include="src\zopfli\hash.h">
      <Filter>Header Files</Filter>
    </ClInclude>
    <ClInclude Include="src\zopfli\katajainen.h">
      <Filter>Header Files</Filter>
    </ClInclude>
    <ClInclude Include="src\zopfli\lz77.h">
      <Filter>Header Files</Filter>
    </ClInclude>
    <ClInclude Include="src\zopfli\squeeze.h">
      <Filter>Header Files</Filter>
    </ClInclude>
    <ClInclude Include="src\zopfli\tree.h">
      <Filter>Header Files</Filter>
    </ClInclude>
    <ClInclude Include="src\zopfli\util.h">
      <Filter>Header Files</Filter>
    </ClInclude>
    <ClInclude Include="src\zopfli\zlib_container.h">
      <Filter>Header Files</Filter>
    </ClInclude>
    <ClInclude Include="src\zopfli\zopfli.h">
      <Filter>Header Files</Filter>
    </ClInclude>
    <ClInclude Include="src\androidfw\unistd.h">
      <Filter>Header Files</Filter>
    </ClInclude>
    <ClInclude Include="src\androidfw\getopt.h">
      <Filter>Header Files</Filter>
    </ClInclude>
    <ClInclude Include="src\androidfw\utils\ZipFileRO.h">
      <Filter>Header Files</Filter>
    </ClInclude>
    <ClInclude Include="src\androidfw\utils\FileMap.h">
      <Filter>Header Files</Filter>
    </ClInclude>
    <ClInclude Include="src\utils\Compat.h">
      <Filter>Header Files</Filter>
    </ClInclude>
    <ClInclude Include="src\utils\ZipUtils.h">
      <Filter>Header Files</Filter>
    </ClInclude>
    <ClInclude Include="src\androidfw\ZipUtils.h">
      <Filter>Header Files</Filter>
    </ClInclude>
    <ClInclude Include="src\androidfw\utils\threads.h">
      <Filter>Header Files</Filter>
    </ClInclude>
    <ClInclude Include="src\androidfw\utils\RefBase.h">
      <Filter>Header Files</Filter>
    </ClInclude>
    <ClInclude Include="src\androidfw\utils\Timers.h">
      <Filter>Header Files</Filter>
    </ClInclude>
    <ClInclude Include="src\androidfw\utils\StrongPointer.h">
      <Filter>Header Files</Filter>
    </ClInclude>
    <ClInclude Include="src\androidfw\system\graphics.h">
      <Filter>Header Files</Filter>
    </ClInclude>
    <ClInclude Include="src\androidfw\sys\time.h">
      <Filter>Header Files</Filter>
    </ClInclude>
    <ClInclude Include="src\androidfw\cutils\atomic.h">
      <Filter>Header Files</Filter>
    </ClInclude>
  </ItemGroup>
  <ItemGroup>
    <None Include="src\README.txt" />
  </ItemGroup>
</Project>