<?xml version="1.0" encoding="utf-8"?>
<Project ToolsVersion="4.0" xmlns="http://schemas.microsoft.com/developer/msbuild/2003">
  <ItemGroup>
    <Filter Include="src">
      <UniqueIdentifier>{71ac3a70-7868-434f-b869-ce39c6464111}</UniqueIdentifier>
    </Filter>
    <Filter Include="src\audio">
      <UniqueIdentifier>{463bae29-44cc-4f6a-bc16-2f63fa84531e}</UniqueIdentifier>
    </Filter>
    <Filter Include="src\audio\android">
      <UniqueIdentifier>{83d1edc0-6e08-486e-b6a9-faf5231814ad}</UniqueIdentifier>
    </Filter>
    <Filter Include="src\audio\dummy">
      <UniqueIdentifier>{9e8280f5-1545-446f-901d-aab0b3b81d94}</UniqueIdentifier>
    </Filter>
    <Filter Include="src\atomic">
      <UniqueIdentifier>{27910c6c-3176-48af-921f-d3557b7759fe}</UniqueIdentifier>
    </Filter>
    <Filter Include="src\core">
      <UniqueIdentifier>{be020134-2335-43cf-8d15-b3e692e6aaa5}</UniqueIdentifier>
    </Filter>
    <Filter Include="src\core\android">
      <UniqueIdentifier>{633f8e43-6b04-4075-925f-dc78a6e82bf1}</UniqueIdentifier>
    </Filter>
    <Filter Include="src\cpuinfo">
      <UniqueIdentifier>{6b78436e-ec8b-44a3-9bac-c3f052f35fc1}</UniqueIdentifier>
    </Filter>
    <Filter Include="src\dynapi">
      <UniqueIdentifier>{67fd7243-421d-495e-a289-0f859faf5ec6}</UniqueIdentifier>
    </Filter>
    <Filter Include="src\events">
      <UniqueIdentifier>{bb39dea7-6472-4e14-b019-313545cc0804}</UniqueIdentifier>
    </Filter>
    <Filter Include="src\file">
      <UniqueIdentifier>{42e254d4-1d2c-4bf0-8b4d-afd8aaa2e5f7}</UniqueIdentifier>
    </Filter>
    <Filter Include="src\haptic">
      <UniqueIdentifier>{3ffe121b-4178-4c25-abf9-c9ed88a3528a}</UniqueIdentifier>
    </Filter>
    <Filter Include="src\haptic\dummy">
      <UniqueIdentifier>{b8bba7e1-0335-4b47-91b1-f05cfbdad3c3}</UniqueIdentifier>
    </Filter>
    <Filter Include="src\joystick">
      <UniqueIdentifier>{1d78e459-ff0d-49cb-bbf7-fd6a1e1ad048}</UniqueIdentifier>
    </Filter>
    <Filter Include="src\joystick\android">
      <UniqueIdentifier>{b45ede47-da8d-4843-b469-aff84bcf681d}</UniqueIdentifier>
    </Filter>
    <Filter Include="src\loadso">
      <UniqueIdentifier>{ea10fc43-285d-4e0b-a5ab-293cf54077c2}</UniqueIdentifier>
    </Filter>
    <Filter Include="src\loadso\dlopen">
      <UniqueIdentifier>{a4c3e02c-9a03-454b-b827-6db5057f6134}</UniqueIdentifier>
    </Filter>
    <Filter Include="src\power">
      <UniqueIdentifier>{30c115ab-d173-4e08-afbd-074a51ce166d}</UniqueIdentifier>
    </Filter>
    <Filter Include="src\power\android">
      <UniqueIdentifier>{eb72ce67-8bb0-48c6-81b4-0875856d1475}</UniqueIdentifier>
    </Filter>
    <Filter Include="src\filesystem">
      <UniqueIdentifier>{0dbe228c-d802-4bba-9937-95617d855049}</UniqueIdentifier>
    </Filter>
    <Filter Include="src\filesystem\dummy">
      <UniqueIdentifier>{9b010f07-ee33-486b-851d-1d7e0368fac9}</UniqueIdentifier>
    </Filter>
    <Filter Include="src\render">
      <UniqueIdentifier>{f540ea33-1c24-4b6d-89ef-41f96b0ef5b0}</UniqueIdentifier>
    </Filter>
    <Filter Include="src\stdlib">
      <UniqueIdentifier>{51f2a57b-871a-458b-b50f-25c3a564d8ae}</UniqueIdentifier>
    </Filter>
    <Filter Include="src\thread">
      <UniqueIdentifier>{252625be-c5ff-412b-846e-5d51f25893ef}</UniqueIdentifier>
    </Filter>
    <Filter Include="src\thread\pthread">
      <UniqueIdentifier>{4497a191-a89b-4f52-b158-63590058640c}</UniqueIdentifier>
    </Filter>
    <Filter Include="src\timer">
      <UniqueIdentifier>{f459e64b-5aee-4bfe-8742-1e8be57cbe01}</UniqueIdentifier>
    </Filter>
    <Filter Include="src\timer\unix">
      <UniqueIdentifier>{bc0ba0f6-bbeb-424b-b49f-74a168c81de5}</UniqueIdentifier>
    </Filter>
    <Filter Include="src\video">
      <UniqueIdentifier>{99d11c2d-9c20-4b3f-81dd-a4dcfbd5e629}</UniqueIdentifier>
    </Filter>
    <Filter Include="src\video\android">
      <UniqueIdentifier>{5e89adff-e472-4ba0-b278-82190df4159c}</UniqueIdentifier>
    </Filter>
    <Filter Include="src\test">
      <UniqueIdentifier>{de98e870-4bc5-4f86-b582-c00bf2944fc7}</UniqueIdentifier>
    </Filter>
    <Filter Include="src\render\opengl">
      <UniqueIdentifier>{436011e6-711b-4960-9997-86bb5167d93b}</UniqueIdentifier>
    </Filter>
    <Filter Include="src\render\opengles">
      <UniqueIdentifier>{bc57517b-b1ca-448a-b69e-52a5f933e4c6}</UniqueIdentifier>
    </Filter>
    <Filter Include="src\render\opengles2">
      <UniqueIdentifier>{ca2430ba-551c-43e9-8a17-60884c92217c}</UniqueIdentifier>
    </Filter>
    <Filter Include="src\render\software">
      <UniqueIdentifier>{48c9d295-184a-41cb-8fd7-5d11cd461500}</UniqueIdentifier>
    </Filter>
    <Filter Include="include">
      <UniqueIdentifier>{fa9c2dc5-1480-4c4f-9615-e66de84afe76}</UniqueIdentifier>
    </Filter>
    <Filter Include="src_java">
      <UniqueIdentifier>{f711e6cb-40e9-4e8c-bbb7-d8b119f7aac5}</UniqueIdentifier>
    </Filter>
    <Filter Include="src_java\org">
      <UniqueIdentifier>{e981d5e1-5669-4e5f-9f26-b217bf730341}</UniqueIdentifier>
    </Filter>
    <Filter Include="src_java\org\libsdl">
      <UniqueIdentifier>{ff480e74-3926-4063-9291-471f5f446b95}</UniqueIdentifier>
    </Filter>
    <Filter Include="src_java\org\libsdl\app">
      <UniqueIdentifier>{d86a9746-d906-4bd0-af0d-750c04dd1113}</UniqueIdentifier>
    </Filter>
  </ItemGroup>
  <ItemGroup>
    <AndroidManifest Include="AndroidManifest.xml" />
    <None Include="proguard-project.txt" />
  </ItemGroup>
  <ItemGroup>
    <ClCompile Include="src\SDL.c">
      <Filter>src</Filter>
    </ClCompile>
    <ClCompile Include="src\SDL_assert.c">
      <Filter>src</Filter>
    </ClCompile>
    <ClCompile Include="src\SDL_error.c">
      <Filter>src</Filter>
    </ClCompile>
    <ClCompile Include="src\SDL_hints.c">
      <Filter>src</Filter>
    </ClCompile>
    <ClCompile Include="src\SDL_log.c">
      <Filter>src</Filter>
    </ClCompile>
    <ClCompile Include="src\audio\SDL_wave.c">
      <Filter>src\audio</Filter>
    </ClCompile>
    <ClCompile Include="src\audio\SDL_audio.c">
      <Filter>src\audio</Filter>
    </ClCompile>
    <ClCompile Include="src\audio\SDL_audiocvt.c">
      <Filter>src\audio</Filter>
    </ClCompile>
    <ClCompile Include="src\audio\SDL_audiodev.c">
      <Filter>src\audio</Filter>
    </ClCompile>
    <ClCompile Include="src\audio\SDL_audiotypecvt.c">
      <Filter>src\audio</Filter>
    </ClCompile>
    <ClCompile Include="src\audio\SDL_mixer.c">
      <Filter>src\audio</Filter>
    </ClCompile>
    <ClCompile Include="src\audio\android\SDL_androidaudio.c">
      <Filter>src\audio\android</Filter>
    </ClCompile>
    <ClCompile Include="src\audio\dummy\SDL_dummyaudio.c">
      <Filter>src\audio\dummy</Filter>
    </ClCompile>
    <ClCompile Include="src\atomic\SDL_atomic.c">
      <Filter>src\atomic</Filter>
    </ClCompile>
    <ClCompile Include="src\atomic\SDL_spinlock.c">
      <Filter>src\atomic</Filter>
    </ClCompile>
    <ClCompile Include="src\core\android\SDL_android.c">
      <Filter>src\core\android</Filter>
    </ClCompile>
    <ClCompile Include="src\cpuinfo\SDL_cpuinfo.c">
      <Filter>src\cpuinfo</Filter>
    </ClCompile>
    <ClCompile Include="src\dynapi\SDL_dynapi.c">
      <Filter>src\dynapi</Filter>
    </ClCompile>
    <ClCompile Include="src\events\SDL_clipboardevents.c">
      <Filter>src\events</Filter>
    </ClCompile>
    <ClCompile Include="src\events\SDL_dropevents.c">
      <Filter>src\events</Filter>
    </ClCompile>
    <ClCompile Include="src\events\SDL_events.c">
      <Filter>src\events</Filter>
    </ClCompile>
    <ClCompile Include="src\events\SDL_gesture.c">
      <Filter>src\events</Filter>
    </ClCompile>
    <ClCompile Include="src\events\SDL_keyboard.c">
      <Filter>src\events</Filter>
    </ClCompile>
    <ClCompile Include="src\events\SDL_mouse.c">
      <Filter>src\events</Filter>
    </ClCompile>
    <ClCompile Include="src\events\SDL_quit.c">
      <Filter>src\events</Filter>
    </ClCompile>
    <ClCompile Include="src\events\SDL_touch.c">
      <Filter>src\events</Filter>
    </ClCompile>
    <ClCompile Include="src\events\SDL_windowevents.c">
      <Filter>src\events</Filter>
    </ClCompile>
    <ClCompile Include="src\file\SDL_rwops.c">
      <Filter>src\file</Filter>
    </ClCompile>
    <ClCompile Include="src\filesystem\dummy\SDL_sysfilesystem.c">
      <Filter>src\filesystem\dummy</Filter>
    </ClCompile>
    <ClCompile Include="src\loadso\dlopen\SDL_sysloadso.c">
      <Filter>src\loadso\dlopen</Filter>
    </ClCompile>
    <ClCompile Include="src\joystick\SDL_gamecontroller.c">
      <Filter>src\joystick</Filter>
    </ClCompile>
    <ClCompile Include="src\joystick\SDL_joystick.c">
      <Filter>src\joystick</Filter>
    </ClCompile>
    <ClCompile Include="src\joystick\android\SDL_sysjoystick.c">
      <Filter>src\joystick\android</Filter>
    </ClCompile>
    <ClCompile Include="src\power\SDL_power.c">
      <Filter>src\power</Filter>
    </ClCompile>
    <ClCompile Include="src\power\android\SDL_syspower.c">
      <Filter>src\power\android</Filter>
    </ClCompile>
    <ClCompile Include="src\test\SDL_test_assert.c">
      <Filter>src\test</Filter>
    </ClCompile>
    <ClCompile Include="src\test\SDL_test_common.c">
      <Filter>src\test</Filter>
    </ClCompile>
    <ClCompile Include="src\test\SDL_test_compare.c">
      <Filter>src\test</Filter>
    </ClCompile>
    <ClCompile Include="src\test\SDL_test_crc32.c">
      <Filter>src\test</Filter>
    </ClCompile>
    <ClCompile Include="src\test\SDL_test_font.c">
      <Filter>src\test</Filter>
    </ClCompile>
    <ClCompile Include="src\test\SDL_test_fuzzer.c">
      <Filter>src\test</Filter>
    </ClCompile>
    <ClCompile Include="src\test\SDL_test_harness.c">
      <Filter>src\test</Filter>
    </ClCompile>
    <ClCompile Include="src\test\SDL_test_imageBlit.c">
      <Filter>src\test</Filter>
    </ClCompile>
    <ClCompile Include="src\test\SDL_test_imageBlitBlend.c">
      <Filter>src\test</Filter>
    </ClCompile>
    <ClCompile Include="src\test\SDL_test_imageFace.c">
      <Filter>src\test</Filter>
    </ClCompile>
    <ClCompile Include="src\test\SDL_test_imagePrimitives.c">
      <Filter>src\test</Filter>
    </ClCompile>
    <ClCompile Include="src\test\SDL_test_imagePrimitivesBlend.c">
      <Filter>src\test</Filter>
    </ClCompile>
    <ClCompile Include="src\test\SDL_test_log.c">
      <Filter>src\test</Filter>
    </ClCompile>
    <ClCompile Include="src\test\SDL_test_md5.c">
      <Filter>src\test</Filter>
    </ClCompile>
    <ClCompile Include="src\test\SDL_test_random.c">
      <Filter>src\test</Filter>
    </ClCompile>
    <ClCompile Include="src\video\SDL_clipboard.c">
      <Filter>src\video</Filter>
    </ClCompile>
    <ClCompile Include="src\video\SDL_egl.c">
      <Filter>src\video</Filter>
    </ClCompile>
    <ClCompile Include="src\video\SDL_fillrect.c">
      <Filter>src\video</Filter>
    </ClCompile>
    <ClCompile Include="src\video\SDL_pixels.c">
      <Filter>src\video</Filter>
    </ClCompile>
    <ClCompile Include="src\video\SDL_rect.c">
      <Filter>src\video</Filter>
    </ClCompile>
    <ClCompile Include="src\video\SDL_RLEaccel.c">
      <Filter>src\video</Filter>
    </ClCompile>
    <ClCompile Include="src\video\SDL_shape.c">
      <Filter>src\video</Filter>
    </ClCompile>
    <ClCompile Include="src\video\SDL_stretch.c">
      <Filter>src\video</Filter>
    </ClCompile>
    <ClCompile Include="src\video\SDL_surface.c">
      <Filter>src\video</Filter>
    </ClCompile>
    <ClCompile Include="src\video\SDL_video.c">
      <Filter>src\video</Filter>
    </ClCompile>
    <ClCompile Include="src\video\SDL_blit.c">
      <Filter>src\video</Filter>
    </ClCompile>
    <ClCompile Include="src\video\SDL_blit_0.c">
      <Filter>src\video</Filter>
    </ClCompile>
    <ClCompile Include="src\video\SDL_blit_1.c">
      <Filter>src\video</Filter>
    </ClCompile>
    <ClCompile Include="src\video\SDL_blit_A.c">
      <Filter>src\video</Filter>
    </ClCompile>
    <ClCompile Include="src\video\SDL_blit_auto.c">
      <Filter>src\video</Filter>
    </ClCompile>
    <ClCompile Include="src\video\SDL_blit_copy.c">
      <Filter>src\video</Filter>
    </ClCompile>
    <ClCompile Include="src\video\SDL_blit_N.c">
      <Filter>src\video</Filter>
    </ClCompile>
    <ClCompile Include="src\video\SDL_blit_slow.c">
      <Filter>src\video</Filter>
    </ClCompile>
    <ClCompile Include="src\video\SDL_bmp.c">
      <Filter>src\video</Filter>
    </ClCompile>
    <ClCompile Include="src\video\android\SDL_androidclipboard.c">
      <Filter>src\video\android</Filter>
    </ClCompile>
    <ClCompile Include="src\video\android\SDL_androidevents.c">
      <Filter>src\video\android</Filter>
    </ClCompile>
    <ClCompile Include="src\video\android\SDL_androidgl.c">
      <Filter>src\video\android</Filter>
    </ClCompile>
    <ClCompile Include="src\video\android\SDL_androidkeyboard.c">
      <Filter>src\video\android</Filter>
    </ClCompile>
    <ClCompile Include="src\video\android\SDL_androidtouch.c">
      <Filter>src\video\android</Filter>
    </ClCompile>
    <ClCompile Include="src\video\android\SDL_androidvideo.c">
      <Filter>src\video\android</Filter>
    </ClCompile>
    <ClCompile Include="src\video\android\SDL_androidwindow.c">
      <Filter>src\video\android</Filter>
    </ClCompile>
    <ClCompile Include="src\timer\SDL_timer.c">
      <Filter>src\timer</Filter>
    </ClCompile>
    <ClCompile Include="src\timer\unix\SDL_systimer.c">
      <Filter>src\timer\unix</Filter>
    </ClCompile>
    <ClCompile Include="src\haptic\SDL_haptic.c">
      <Filter>src\haptic</Filter>
    </ClCompile>
    <ClCompile Include="src\haptic\dummy\SDL_syshaptic.c">
      <Filter>src\haptic\dummy</Filter>
    </ClCompile>
    <ClCompile Include="src\render\SDL_d3dmath.c">
      <Filter>src\render</Filter>
    </ClCompile>
    <ClCompile Include="src\render\SDL_render.c">
      <Filter>src\render</Filter>
    </ClCompile>
    <ClCompile Include="src\render\SDL_yuv_mmx.c">
      <Filter>src\render</Filter>
    </ClCompile>
    <ClCompile Include="src\render\SDL_yuv_sw.c">
      <Filter>src\render</Filter>
    </ClCompile>
    <ClCompile Include="src\render\software\SDL_blendfillrect.c">
      <Filter>src\render\software</Filter>
    </ClCompile>
    <ClCompile Include="src\render\software\SDL_blendline.c">
      <Filter>src\render\software</Filter>
    </ClCompile>
    <ClCompile Include="src\render\software\SDL_blendpoint.c">
      <Filter>src\render\software</Filter>
    </ClCompile>
    <ClCompile Include="src\render\software\SDL_drawline.c">
      <Filter>src\render\software</Filter>
    </ClCompile>
    <ClCompile Include="src\render\software\SDL_drawpoint.c">
      <Filter>src\render\software</Filter>
    </ClCompile>
    <ClCompile Include="src\render\software\SDL_render_sw.c">
      <Filter>src\render\software</Filter>
    </ClCompile>
    <ClCompile Include="src\render\software\SDL_rotate.c">
      <Filter>src\render\software</Filter>
    </ClCompile>
    <ClCompile Include="src\render\opengles2\SDL_render_gles2.c">
      <Filter>src\render\opengles2</Filter>
    </ClCompile>
    <ClCompile Include="src\render\opengles2\SDL_shaders_gles2.c">
      <Filter>src\render\opengles2</Filter>
    </ClCompile>
    <ClCompile Include="src\render\opengles\SDL_render_gles.c">
      <Filter>src\render\opengles</Filter>
    </ClCompile>
    <ClCompile Include="src\render\opengl\SDL_render_gl.c">
      <Filter>src\render\opengl</Filter>
    </ClCompile>
    <ClCompile Include="src\render\opengl\SDL_shaders_gl.c">
      <Filter>src\render\opengl</Filter>
    </ClCompile>
    <ClCompile Include="src\stdlib\SDL_iconv.c">
      <Filter>src\stdlib</Filter>
    </ClCompile>
    <ClCompile Include="src\stdlib\SDL_malloc.c">
      <Filter>src\stdlib</Filter>
    </ClCompile>
    <ClCompile Include="src\stdlib\SDL_qsort.c">
      <Filter>src\stdlib</Filter>
    </ClCompile>
    <ClCompile Include="src\stdlib\SDL_stdlib.c">
      <Filter>src\stdlib</Filter>
    </ClCompile>
    <ClCompile Include="src\stdlib\SDL_string.c">
      <Filter>src\stdlib</Filter>
    </ClCompile>
    <ClCompile Include="src\stdlib\SDL_getenv.c">
      <Filter>src\stdlib</Filter>
    </ClCompile>
    <ClCompile Include="src\thread\SDL_thread.c">
      <Filter>src\thread</Filter>
    </ClCompile>
    <ClCompile Include="src\thread\pthread\SDL_sysmutex.c">
      <Filter>src\thread\pthread</Filter>
    </ClCompile>
    <ClCompile Include="src\thread\pthread\SDL_syssem.c">
      <Filter>src\thread\pthread</Filter>
    </ClCompile>
    <ClCompile Include="src\thread\pthread\SDL_systhread.c">
      <Filter>src\thread\pthread</Filter>
    </ClCompile>
    <ClCompile Include="src\thread\pthread\SDL_systls.c">
      <Filter>src\thread\pthread</Filter>
    </ClCompile>
    <ClCompile Include="src\thread\pthread\SDL_syscond.c">
      <Filter>src\thread\pthread</Filter>
    </ClCompile>
  </ItemGroup>
  <ItemGroup>
    <ClInclude Include="src\audio\dummy\SDL_dummyaudio.h">
      <Filter>src\audio\dummy</Filter>
    </ClInclude>
    <ClInclude Include="src\audio\android\SDL_androidaudio.h">
      <Filter>src\audio\android</Filter>
    </ClInclude>
    <ClInclude Include="src\audio\SDL_audio_c.h">
      <Filter>src\audio</Filter>
    </ClInclude>
    <ClInclude Include="src\audio\SDL_audiodev_c.h">
      <Filter>src\audio</Filter>
    </ClInclude>
    <ClInclude Include="src\audio\SDL_audiomem.h">
      <Filter>src\audio</Filter>
    </ClInclude>
    <ClInclude Include="src\audio\SDL_sysaudio.h">
      <Filter>src\audio</Filter>
    </ClInclude>
    <ClInclude Include="src\audio\SDL_wave.h">
      <Filter>src\audio</Filter>
    </ClInclude>
    <ClInclude Include="src\core\android\SDL_android.h">
      <Filter>src\core\android</Filter>
    </ClInclude>
    <ClInclude Include="src\dynapi\SDL_dynapi.h">
      <Filter>src\dynapi</Filter>
    </ClInclude>
    <ClInclude Include="src\dynapi\SDL_dynapi_overrides.h">
      <Filter>src\dynapi</Filter>
    </ClInclude>
    <ClInclude Include="src\dynapi\SDL_dynapi_procs.h">
      <Filter>src\dynapi</Filter>
    </ClInclude>
    <ClInclude Include="src\events\blank_cursor.h">
      <Filter>src\events</Filter>
    </ClInclude>
    <ClInclude Include="src\events\default_cursor.h">
      <Filter>src\events</Filter>
    </ClInclude>
    <ClInclude Include="src\events\scancodes_darwin.h">
      <Filter>src\events</Filter>
    </ClInclude>
    <ClInclude Include="src\events\scancodes_linux.h">
      <Filter>src\events</Filter>
    </ClInclude>
    <ClInclude Include="src\events\scancodes_windows.h">
      <Filter>src\events</Filter>
    </ClInclude>
    <ClInclude Include="src\events\scancodes_xfree86.h">
      <Filter>src\events</Filter>
    </ClInclude>
    <ClInclude Include="src\events\SDL_clipboardevents_c.h">
      <Filter>src\events</Filter>
    </ClInclude>
    <ClInclude Include="src\events\SDL_dropevents_c.h">
      <Filter>src\events</Filter>
    </ClInclude>
    <ClInclude Include="src\events\SDL_events_c.h">
      <Filter>src\events</Filter>
    </ClInclude>
    <ClInclude Include="src\events\SDL_gesture_c.h">
      <Filter>src\events</Filter>
    </ClInclude>
    <ClInclude Include="src\events\SDL_keyboard_c.h">
      <Filter>src\events</Filter>
    </ClInclude>
    <ClInclude Include="src\events\SDL_mouse_c.h">
      <Filter>src\events</Filter>
    </ClInclude>
    <ClInclude Include="src\events\SDL_sysevents.h">
      <Filter>src\events</Filter>
    </ClInclude>
    <ClInclude Include="src\events\SDL_touch_c.h">
      <Filter>src\events</Filter>
    </ClInclude>
    <ClInclude Include="src\events\SDL_windowevents_c.h">
      <Filter>src\events</Filter>
    </ClInclude>
    <ClInclude Include="src\joystick\SDL_gamecontrollerdb.h">
      <Filter>src\joystick</Filter>
    </ClInclude>
    <ClInclude Include="src\joystick\SDL_joystick_c.h">
      <Filter>src\joystick</Filter>
    </ClInclude>
    <ClInclude Include="src\joystick\SDL_sysjoystick.h">
      <Filter>src\joystick</Filter>
    </ClInclude>
    <ClInclude Include="src\joystick\android\SDL_sysjoystick_c.h">
      <Filter>src\joystick\android</Filter>
    </ClInclude>
    <ClInclude Include="src\video\SDL_egl_c.h">
      <Filter>src\video</Filter>
    </ClInclude>
    <ClInclude Include="src\video\SDL_pixels_c.h">
      <Filter>src\video</Filter>
    </ClInclude>
    <ClInclude Include="src\video\SDL_rect_c.h">
      <Filter>src\video</Filter>
    </ClInclude>
    <ClInclude Include="src\video\SDL_RLEaccel_c.h">
      <Filter>src\video</Filter>
    </ClInclude>
    <ClInclude Include="src\video\SDL_shape_internals.h">
      <Filter>src\video</Filter>
    </ClInclude>
    <ClInclude Include="src\video\SDL_sysvideo.h">
      <Filter>src\video</Filter>
    </ClInclude>
    <ClInclude Include="src\video\SDL_blit.h">
      <Filter>src\video</Filter>
    </ClInclude>
    <ClInclude Include="src\video\SDL_blit_auto.h">
      <Filter>src\video</Filter>
    </ClInclude>
    <ClInclude Include="src\video\SDL_blit_copy.h">
      <Filter>src\video</Filter>
    </ClInclude>
    <ClInclude Include="src\video\SDL_blit_slow.h">
      <Filter>src\video</Filter>
    </ClInclude>
    <ClInclude Include="src\video\android\SDL_androidclipboard.h">
      <Filter>src\video\android</Filter>
    </ClInclude>
    <ClInclude Include="src\video\android\SDL_androidevents.h">
      <Filter>src\video\android</Filter>
    </ClInclude>
    <ClInclude Include="src\video\android\SDL_androidkeyboard.h">
      <Filter>src\video\android</Filter>
    </ClInclude>
    <ClInclude Include="src\video\android\SDL_androidtouch.h">
      <Filter>src\video\android</Filter>
    </ClInclude>
    <ClInclude Include="src\video\android\SDL_androidvideo.h">
      <Filter>src\video\android</Filter>
    </ClInclude>
    <ClInclude Include="src\video\android\SDL_androidwindow.h">
      <Filter>src\video\android</Filter>
    </ClInclude>
    <ClInclude Include="src\timer\SDL_timer_c.h">
      <Filter>src\timer</Filter>
    </ClInclude>
    <ClInclude Include="src\haptic\SDL_haptic_c.h">
      <Filter>src\haptic</Filter>
    </ClInclude>
    <ClInclude Include="src\haptic\SDL_syshaptic.h">
      <Filter>src\haptic</Filter>
    </ClInclude>
    <ClInclude Include="src\render\mmx.h">
      <Filter>src\render</Filter>
    </ClInclude>
    <ClInclude Include="src\render\SDL_d3dmath.h">
      <Filter>src\render</Filter>
    </ClInclude>
    <ClInclude Include="src\render\SDL_sysrender.h">
      <Filter>src\render</Filter>
    </ClInclude>
    <ClInclude Include="src\render\SDL_yuv_sw_c.h">
      <Filter>src\render</Filter>
    </ClInclude>
    <ClInclude Include="src\render\software\SDL_blendfillrect.h">
      <Filter>src\render\software</Filter>
    </ClInclude>
    <ClInclude Include="src\render\software\SDL_blendline.h">
      <Filter>src\render\software</Filter>
    </ClInclude>
    <ClInclude Include="src\render\software\SDL_blendpoint.h">
      <Filter>src\render\software</Filter>
    </ClInclude>
    <ClInclude Include="src\render\software\SDL_draw.h">
      <Filter>src\render\software</Filter>
    </ClInclude>
    <ClInclude Include="src\render\software\SDL_drawline.h">
      <Filter>src\render\software</Filter>
    </ClInclude>
    <ClInclude Include="src\render\software\SDL_drawpoint.h">
      <Filter>src\render\software</Filter>
    </ClInclude>
    <ClInclude Include="src\render\software\SDL_render_sw_c.h">
      <Filter>src\render\software</Filter>
    </ClInclude>
    <ClInclude Include="src\render\software\SDL_rotate.h">
      <Filter>src\render\software</Filter>
    </ClInclude>
    <ClInclude Include="src\render\opengles2\SDL_shaders_gles2.h">
      <Filter>src\render\opengles2</Filter>
    </ClInclude>
    <ClInclude Include="src\render\opengles2\SDL_gles2funcs.h">
      <Filter>src\render\opengles2</Filter>
    </ClInclude>
    <ClInclude Include="src\render\opengles\SDL_glesfuncs.h">
      <Filter>src\render\opengles</Filter>
    </ClInclude>
    <ClInclude Include="src\render\opengl\SDL_shaders_gl.h">
      <Filter>src\render\opengl</Filter>
    </ClInclude>
    <ClInclude Include="src\render\opengl\SDL_glfuncs.h">
      <Filter>src\render\opengl</Filter>
    </ClInclude>
    <ClInclude Include="include\SDL_syswm.h">
      <Filter>include</Filter>
    </ClInclude>
    <ClInclude Include="include\SDL_test.h">
      <Filter>include</Filter>
    </ClInclude>
    <ClInclude Include="include\SDL_test_assert.h">
      <Filter>include</Filter>
    </ClInclude>
    <ClInclude Include="include\SDL_test_common.h">
      <Filter>include</Filter>
    </ClInclude>
    <ClInclude Include="include\SDL_test_compare.h">
      <Filter>include</Filter>
    </ClInclude>
    <ClInclude Include="include\SDL_test_crc32.h">
      <Filter>include</Filter>
    </ClInclude>
    <ClInclude Include="include\SDL_test_font.h">
      <Filter>include</Filter>
    </ClInclude>
    <ClInclude Include="include\SDL_test_fuzzer.h">
      <Filter>include</Filter>
    </ClInclude>
    <ClInclude Include="include\SDL_test_harness.h">
      <Filter>include</Filter>
    </ClInclude>
    <ClInclude Include="include\SDL_test_images.h">
      <Filter>include</Filter>
    </ClInclude>
    <ClInclude Include="include\SDL_test_log.h">
      <Filter>include</Filter>
    </ClInclude>
    <ClInclude Include="include\SDL_test_md5.h">
      <Filter>include</Filter>
    </ClInclude>
    <ClInclude Include="include\SDL_test_random.h">
      <Filter>include</Filter>
    </ClInclude>
    <ClInclude Include="include\SDL_thread.h">
      <Filter>include</Filter>
    </ClInclude>
    <ClInclude Include="include\SDL_timer.h">
      <Filter>include</Filter>
    </ClInclude>
    <ClInclude Include="include\SDL_touch.h">
      <Filter>include</Filter>
    </ClInclude>
    <ClInclude Include="include\SDL_types.h">
      <Filter>include</Filter>
    </ClInclude>
    <ClInclude Include="include\SDL_version.h">
      <Filter>include</Filter>
    </ClInclude>
    <ClInclude Include="include\SDL_video.h">
      <Filter>include</Filter>
    </ClInclude>
    <ClInclude Include="include\begin_code.h">
      <Filter>include</Filter>
    </ClInclude>
    <ClInclude Include="include\close_code.h">
      <Filter>include</Filter>
    </ClInclude>
    <ClInclude Include="include\SDL.h">
      <Filter>include</Filter>
    </ClInclude>
    <ClInclude Include="include\SDL_assert.h">
      <Filter>include</Filter>
    </ClInclude>
    <ClInclude Include="include\SDL_atomic.h">
      <Filter>include</Filter>
    </ClInclude>
    <ClInclude Include="include\SDL_audio.h">
      <Filter>include</Filter>
    </ClInclude>
    <ClInclude Include="include\SDL_bits.h">
      <Filter>include</Filter>
    </ClInclude>
    <ClInclude Include="include\SDL_blendmode.h">
      <Filter>include</Filter>
    </ClInclude>
    <ClInclude Include="include\SDL_clipboard.h">
      <Filter>include</Filter>
    </ClInclude>
    <ClInclude Include="include\SDL_config.h">
      <Filter>include</Filter>
    </ClInclude>
    <ClInclude Include="include\SDL_config_android.h">
      <Filter>include</Filter>
    </ClInclude>
    <ClInclude Include="include\SDL_config_iphoneos.h">
      <Filter>include</Filter>
    </ClInclude>
    <ClInclude Include="include\SDL_config_macosx.h">
      <Filter>include</Filter>
    </ClInclude>
    <ClInclude Include="include\SDL_config_minimal.h">
      <Filter>include</Filter>
    </ClInclude>
    <ClInclude Include="include\SDL_config_pandora.h">
      <Filter>include</Filter>
    </ClInclude>
    <ClInclude Include="include\SDL_config_psp.h">
      <Filter>include</Filter>
    </ClInclude>
    <ClInclude Include="include\SDL_config_windows.h">
      <Filter>include</Filter>
    </ClInclude>
    <ClInclude Include="include\SDL_config_winrt.h">
      <Filter>include</Filter>
    </ClInclude>
    <ClInclude Include="include\SDL_config_wiz.h">
      <Filter>include</Filter>
    </ClInclude>
    <ClInclude Include="include\SDL_copying.h">
      <Filter>include</Filter>
    </ClInclude>
    <ClInclude Include="include\SDL_cpuinfo.h">
      <Filter>include</Filter>
    </ClInclude>
    <ClInclude Include="include\SDL_egl.h">
      <Filter>include</Filter>
    </ClInclude>
    <ClInclude Include="include\SDL_endian.h">
      <Filter>include</Filter>
    </ClInclude>
    <ClInclude Include="include\SDL_error.h">
      <Filter>include</Filter>
    </ClInclude>
    <ClInclude Include="include\SDL_events.h">
      <Filter>include</Filter>
    </ClInclude>
    <ClInclude Include="include\SDL_filesystem.h">
      <Filter>include</Filter>
    </ClInclude>
    <ClInclude Include="include\SDL_gamecontroller.h">
      <Filter>include</Filter>
    </ClInclude>
    <ClInclude Include="include\SDL_gesture.h">
      <Filter>include</Filter>
    </ClInclude>
    <ClInclude Include="include\SDL_haptic.h">
      <Filter>include</Filter>
    </ClInclude>
    <ClInclude Include="include\SDL_hints.h">
      <Filter>include</Filter>
    </ClInclude>
    <ClInclude Include="include\SDL_joystick.h">
      <Filter>include</Filter>
    </ClInclude>
    <ClInclude Include="include\SDL_keyboard.h">
      <Filter>include</Filter>
    </ClInclude>
    <ClInclude Include="include\SDL_keycode.h">
      <Filter>include</Filter>
    </ClInclude>
    <ClInclude Include="include\SDL_loadso.h">
      <Filter>include</Filter>
    </ClInclude>
    <ClInclude Include="include\SDL_log.h">
      <Filter>include</Filter>
    </ClInclude>
    <ClInclude Include="include\SDL_main.h">
      <Filter>include</Filter>
    </ClInclude>
    <ClInclude Include="include\SDL_messagebox.h">
      <Filter>include</Filter>
    </ClInclude>
    <ClInclude Include="include\SDL_mouse.h">
      <Filter>include</Filter>
    </ClInclude>
    <ClInclude Include="include\SDL_mutex.h">
      <Filter>include</Filter>
    </ClInclude>
    <ClInclude Include="include\SDL_name.h">
      <Filter>include</Filter>
    </ClInclude>
    <ClInclude Include="include\SDL_opengl.h">
      <Filter>include</Filter>
    </ClInclude>
    <ClInclude Include="include\SDL_opengles.h">
      <Filter>include</Filter>
    </ClInclude>
    <ClInclude Include="include\SDL_opengles2.h">
      <Filter>include</Filter>
    </ClInclude>
    <ClInclude Include="include\SDL_pixels.h">
      <Filter>include</Filter>
    </ClInclude>
    <ClInclude Include="include\SDL_platform.h">
      <Filter>include</Filter>
    </ClInclude>
    <ClInclude Include="include\SDL_power.h">
      <Filter>include</Filter>
    </ClInclude>
    <ClInclude Include="include\SDL_quit.h">
      <Filter>include</Filter>
    </ClInclude>
    <ClInclude Include="include\SDL_rect.h">
      <Filter>include</Filter>
    </ClInclude>
    <ClInclude Include="include\SDL_render.h">
      <Filter>include</Filter>
    </ClInclude>
    <ClInclude Include="include\SDL_revision.h">
      <Filter>include</Filter>
    </ClInclude>
    <ClInclude Include="include\SDL_rwops.h">
      <Filter>include</Filter>
    </ClInclude>
    <ClInclude Include="include\SDL_scancode.h">
      <Filter>include</Filter>
    </ClInclude>
    <ClInclude Include="include\SDL_shape.h">
      <Filter>include</Filter>
    </ClInclude>
    <ClInclude Include="include\SDL_stdinc.h">
      <Filter>include</Filter>
    </ClInclude>
    <ClInclude Include="include\SDL_surface.h">
      <Filter>include</Filter>
    </ClInclude>
    <ClInclude Include="include\SDL_system.h">
      <Filter>include</Filter>
    </ClInclude>
    <ClInclude Include="src\thread\SDL_thread_c.h">
      <Filter>src\thread</Filter>
    </ClInclude>
    <ClInclude Include="src\thread\SDL_systhread.h">
      <Filter>src\thread</Filter>
    </ClInclude>
    <ClInclude Include="src\thread\pthread\SDL_sysmutex_c.h">
      <Filter>src\thread\pthread</Filter>
    </ClInclude>
    <ClInclude Include="src\thread\pthread\SDL_systhread_c.h">
      <Filter>src\thread\pthread</Filter>
    </ClInclude>
  </ItemGroup>
  <ItemGroup>
    <AndroidJava Include="src_java\org\libsdl\app\SDLActivity.java">
      <Filter>src_java\org\libsdl\app</Filter>
    </AndroidJava>
  </ItemGroup>
</Project>