
Microsoft Visual Studio Solution File, Format Version 11.00
# Visual Studio 2010
Project("{8BC9CEB8-8B4A-11D0-8D11-00A0C91BC942}") = "hello-jni", "hello-jni.vcxproj", "{61092FF6-C325-4797-BDCF-E4F138E342B7}"
EndProject
Global
	GlobalSection(SolutionConfigurationPlatforms) = preSolution
		Debug|Android++ = Debug|Android++
		Release|Android++ = Release|Android++
	EndGlobalSection
	GlobalSection(ProjectConfigurationPlatforms) = postSolution
		{61092FF6-C325-4797-BDCF-E4F138E342B7}.Debug|Android++.ActiveCfg = Debug|Android++
		{61092FF6-C325-4797-BDCF-E4F138E342B7}.Debug|Android++.Build.0 = Debug|Android++
		{61092FF6-C325-4797-BDCF-E4F138E342B7}.Release|Android++.ActiveCfg = Release|Android++
		{61092FF6-C325-4797-BDCF-E4F138E342B7}.Release|Android++.Build.0 = Release|Android++
	EndGlobalSection
	GlobalSection(SolutionProperties) = preSolution
		HideSolutionNode = FALSE
	EndGlobalSection
EndGlobal
