
Microsoft Visual Studio Solution File, Format Version 11.00
# Visual Studio 2010
Project("{8BC9CEB8-8B4A-11D0-8D11-00A0C91BC942}") = "app-remote-hub", "app-remote-hub.vcxproj", "{B96030F0-C09C-46DB-9568-76710AF51149}"
EndProject
Global
	GlobalSection(SolutionConfigurationPlatforms) = preSolution
		Debug|Android++ = Debug|Android++
		Release|Android++ = Release|Android++
	EndGlobalSection
	GlobalSection(ProjectConfigurationPlatforms) = postSolution
		{B96030F0-C09C-46DB-9568-76710AF51149}.Debug|Android++.ActiveCfg = Debug|Android++
		{B96030F0-C09C-46DB-9568-76710AF51149}.Debug|Android++.Build.0 = Debug|Android++
		{B96030F0-C09C-46DB-9568-76710AF51149}.Release|Android++.ActiveCfg = Release|Android++
		{B96030F0-C09C-46DB-9568-76710AF51149}.Release|Android++.Build.0 = Release|Android++
	EndGlobalSection
	GlobalSection(SolutionProperties) = preSolution
		HideSolutionNode = FALSE
	EndGlobalSection
EndGlobal
