
Microsoft Visual Studio Solution File, Format Version 12.00
# Visual Studio 2013
VisualStudioVersion = 12.0.31101.0
MinimumVisualStudioVersion = 10.0.40219.1
Project("{8BC9CEB8-8B4A-11D0-8D11-00A0C91BC942}") = "hello-gdbserver", "hello-gdbserver\hello-gdbserver.vcxproj", "{36324E8C-BC78-4B9E-A9E4-C6DC98158C80}"
EndProject
Project("{8BC9CEB8-8B4A-11D0-8D11-00A0C91BC942}") = "hello-jni", "hello-jni\hello-jni.vcxproj", "{61092FF6-C325-4797-BDCF-E4F138E342B7}"
EndProject
Project("{8BC9CEB8-8B4A-11D0-8D11-00A0C91BC942}") = "native-activity", "native-activity\native-activity.vcxproj", "{B1BE52DA-7EB0-499C-9172-36529FD11512}"
EndProject
Project("{8BC9CEB8-8B4A-11D0-8D11-00A0C91BC942}") = "native-audio", "native-audio\native-audio.vcxproj", "{BAE12DE8-AF95-4631-AAD3-13596DDA7A71}"
EndProject
Project("{8BC9CEB8-8B4A-11D0-8D11-00A0C91BC942}") = "sdl-demo", "sdl-demo\sdl-demo.vcxproj", "{10672DF8-45F5-48DE-B903-5B8DDFCCFE16}"
	ProjectSection(ProjectDependencies) = postProject
		{B6E844B1-0CE1-40C9-97CD-8362F386BDAC} = {B6E844B1-0CE1-40C9-97CD-8362F386BDAC}
	EndProjectSection
EndProject
Project("{8BC9CEB8-8B4A-11D0-8D11-00A0C91BC942}") = "sdl-lib", "sdl-demo\contrib\sdl\sdl-lib.vcxproj", "{B6E844B1-0CE1-40C9-97CD-8362F386BDAC}"
EndProject
Global
	GlobalSection(SolutionConfigurationPlatforms) = preSolution
		Debug|Android++ = Debug|Android++
		Release|Android++ = Release|Android++
	EndGlobalSection
	GlobalSection(ProjectConfigurationPlatforms) = postSolution
		{36324E8C-BC78-4B9E-A9E4-C6DC98158C80}.Debug|Android++.ActiveCfg = Debug|Android++
		{36324E8C-BC78-4B9E-A9E4-C6DC98158C80}.Debug|Android++.Build.0 = Debug|Android++
		{36324E8C-BC78-4B9E-A9E4-C6DC98158C80}.Release|Android++.ActiveCfg = Release|Android++
		{36324E8C-BC78-4B9E-A9E4-C6DC98158C80}.Release|Android++.Build.0 = Release|Android++
		{61092FF6-C325-4797-BDCF-E4F138E342B7}.Debug|Android++.ActiveCfg = Debug|Android++
		{61092FF6-C325-4797-BDCF-E4F138E342B7}.Debug|Android++.Build.0 = Debug|Android++
		{61092FF6-C325-4797-BDCF-E4F138E342B7}.Release|Android++.ActiveCfg = Release|Android++
		{61092FF6-C325-4797-BDCF-E4F138E342B7}.Release|Android++.Build.0 = Release|Android++
		{B1BE52DA-7EB0-499C-9172-36529FD11512}.Debug|Android++.ActiveCfg = Debug|Android++
		{B1BE52DA-7EB0-499C-9172-36529FD11512}.Debug|Android++.Build.0 = Debug|Android++
		{B1BE52DA-7EB0-499C-9172-36529FD11512}.Release|Android++.ActiveCfg = Release|Android++
		{BAE12DE8-AF95-4631-AAD3-13596DDA7A71}.Debug|Android++.ActiveCfg = Debug|Android++
		{BAE12DE8-AF95-4631-AAD3-13596DDA7A71}.Debug|Android++.Build.0 = Debug|Android++
		{BAE12DE8-AF95-4631-AAD3-13596DDA7A71}.Release|Android++.ActiveCfg = Release|Android++
		{10672DF8-45F5-48DE-B903-5B8DDFCCFE16}.Debug|Android++.ActiveCfg = Debug|Android++
		{10672DF8-45F5-48DE-B903-5B8DDFCCFE16}.Debug|Android++.Build.0 = Debug|Android++
		{10672DF8-45F5-48DE-B903-5B8DDFCCFE16}.Release|Android++.ActiveCfg = Release|Android++
		{10672DF8-45F5-48DE-B903-5B8DDFCCFE16}.Release|Android++.Build.0 = Release|Android++
		{B6E844B1-0CE1-40C9-97CD-8362F386BDAC}.Debug|Android++.ActiveCfg = Debug|Android++
		{B6E844B1-0CE1-40C9-97CD-8362F386BDAC}.Debug|Android++.Build.0 = Debug|Android++
		{B6E844B1-0CE1-40C9-97CD-8362F386BDAC}.Release|Android++.ActiveCfg = Release|Android++
		{B6E844B1-0CE1-40C9-97CD-8362F386BDAC}.Release|Android++.Build.0 = Release|Android++
	EndGlobalSection
	GlobalSection(SolutionProperties) = preSolution
		HideSolutionNode = FALSE
	EndGlobalSection
EndGlobal
