
Microsoft Visual Studio Solution File, Format Version 12.00
# Visual Studio 2013
VisualStudioVersion = 12.0.40629.0
MinimumVisualStudioVersion = 10.0.40219.1
Project("{8BC9CEB8-8B4A-11D0-8D11-00A0C91BC942}") = "hello-gdbserver", "hello-gdbserver\hello-gdbserver.vcxproj", "{36324E8C-BC78-4B9E-A9E4-C6DC98158C80}"
EndProject
Project("{8BC9CEB8-8B4A-11D0-8D11-00A0C91BC942}") = "hello-jni", "hello-jni\hello-jni.vcxproj", "{61092FF6-C325-4797-BDCF-E4F138E342B7}"
EndProject
Project("{8BC9CEB8-8B4A-11D0-8D11-00A0C91BC942}") = "native-activity", "native-activity\native-activity.vcxproj", "{B1BE52DA-7EB0-499C-9172-36529FD11512}"
EndProject
Project("{8BC9CEB8-8B4A-11D0-8D11-00A0C91BC942}") = "native-audio", "native-audio\native-audio.vcxproj", "{BAE12DE8-AF95-4631-AAD3-13596DDA7A71}"
EndProject
Project("{8BC9CEB8-8B4A-11D0-8D11-00A0C91BC942}") = "sdl2-app", "sdl2-app\sdl2-app.vcxproj", "{E7297190-C74C-41BA-8EE7-E8D86D91CE23}"
	ProjectSection(ProjectDependencies) = postProject
		{1049E8B2-043E-4593-99A7-67FBA6BE5939} = {1049E8B2-043E-4593-99A7-67FBA6BE5939}
	EndProjectSection
EndProject
Project("{8BC9CEB8-8B4A-11D0-8D11-00A0C91BC942}") = "sdl2-library", "sdl2-library\sdl2-library.vcxproj", "{1049E8B2-043E-4593-99A7-67FBA6BE5939}"
EndProject
Global
	GlobalSection(SolutionConfigurationPlatforms) = preSolution
		Debug|Android++.arm64-v8a = Debug|Android++.arm64-v8a
		Debug|Android++.armv7-a = Debug|Android++.armv7-a
		Debug|Android++.x86 = Debug|Android++.x86
		Release|Android++.arm64-v8a = Release|Android++.arm64-v8a
		Release|Android++.armv7-a = Release|Android++.armv7-a
		Release|Android++.x86 = Release|Android++.x86
	EndGlobalSection
	GlobalSection(ProjectConfigurationPlatforms) = postSolution
		{36324E8C-BC78-4B9E-A9E4-C6DC98158C80}.Debug|Android++.arm64-v8a.ActiveCfg = Debug|Android++.arm64-v8a
		{36324E8C-BC78-4B9E-A9E4-C6DC98158C80}.Debug|Android++.arm64-v8a.Build.0 = Debug|Android++.arm64-v8a
		{36324E8C-BC78-4B9E-A9E4-C6DC98158C80}.Debug|Android++.armv7-a.ActiveCfg = Debug|Android++.armv7-a
		{36324E8C-BC78-4B9E-A9E4-C6DC98158C80}.Debug|Android++.armv7-a.Build.0 = Debug|Android++.armv7-a
		{36324E8C-BC78-4B9E-A9E4-C6DC98158C80}.Debug|Android++.x86.ActiveCfg = Debug|Android++.x86
		{36324E8C-BC78-4B9E-A9E4-C6DC98158C80}.Debug|Android++.x86.Build.0 = Debug|Android++.x86
		{36324E8C-BC78-4B9E-A9E4-C6DC98158C80}.Release|Android++.arm64-v8a.ActiveCfg = Release|Android++.arm64-v8a
		{36324E8C-BC78-4B9E-A9E4-C6DC98158C80}.Release|Android++.armv7-a.ActiveCfg = Release|Android++.armv7-a
		{36324E8C-BC78-4B9E-A9E4-C6DC98158C80}.Release|Android++.x86.ActiveCfg = Release|Android++.x86
		{36324E8C-BC78-4B9E-A9E4-C6DC98158C80}.Release|Android++.x86.Build.0 = Release|Android++.x86
		{61092FF6-C325-4797-BDCF-E4F138E342B7}.Debug|Android++.arm64-v8a.ActiveCfg = Debug|Android++.arm64-v8a
		{61092FF6-C325-4797-BDCF-E4F138E342B7}.Debug|Android++.arm64-v8a.Build.0 = Debug|Android++.arm64-v8a
		{61092FF6-C325-4797-BDCF-E4F138E342B7}.Debug|Android++.armv7-a.ActiveCfg = Debug|Android++.armv7-a
		{61092FF6-C325-4797-BDCF-E4F138E342B7}.Debug|Android++.armv7-a.Build.0 = Debug|Android++.armv7-a
		{61092FF6-C325-4797-BDCF-E4F138E342B7}.Debug|Android++.x86.ActiveCfg = Debug|Android++.x86
		{61092FF6-C325-4797-BDCF-E4F138E342B7}.Debug|Android++.x86.Build.0 = Debug|Android++.x86
		{61092FF6-C325-4797-BDCF-E4F138E342B7}.Release|Android++.arm64-v8a.ActiveCfg = Release|Android++.arm64-v8a
		{61092FF6-C325-4797-BDCF-E4F138E342B7}.Release|Android++.armv7-a.ActiveCfg = Release|Android++.armv7-a
		{61092FF6-C325-4797-BDCF-E4F138E342B7}.Release|Android++.x86.ActiveCfg = Release|Android++.x86
		{61092FF6-C325-4797-BDCF-E4F138E342B7}.Release|Android++.x86.Build.0 = Release|Android++.x86
		{B1BE52DA-7EB0-499C-9172-36529FD11512}.Debug|Android++.arm64-v8a.ActiveCfg = Debug|Android++.arm64-v8a
		{B1BE52DA-7EB0-499C-9172-36529FD11512}.Debug|Android++.arm64-v8a.Build.0 = Debug|Android++.arm64-v8a
		{B1BE52DA-7EB0-499C-9172-36529FD11512}.Debug|Android++.armv7-a.ActiveCfg = Debug|Android++.armv7-a
		{B1BE52DA-7EB0-499C-9172-36529FD11512}.Debug|Android++.armv7-a.Build.0 = Debug|Android++.armv7-a
		{B1BE52DA-7EB0-499C-9172-36529FD11512}.Debug|Android++.x86.ActiveCfg = Debug|Android++.x86
		{B1BE52DA-7EB0-499C-9172-36529FD11512}.Debug|Android++.x86.Build.0 = Debug|Android++.x86
		{B1BE52DA-7EB0-499C-9172-36529FD11512}.Release|Android++.arm64-v8a.ActiveCfg = Release|Android++.arm64-v8a
		{B1BE52DA-7EB0-499C-9172-36529FD11512}.Release|Android++.armv7-a.ActiveCfg = Release|Android++.armv7-a
		{B1BE52DA-7EB0-499C-9172-36529FD11512}.Release|Android++.x86.ActiveCfg = Release|Android++.x86
		{B1BE52DA-7EB0-499C-9172-36529FD11512}.Release|Android++.x86.Build.0 = Release|Android++.x86
		{BAE12DE8-AF95-4631-AAD3-13596DDA7A71}.Debug|Android++.arm64-v8a.ActiveCfg = Debug|Android++.arm64-v8a
		{BAE12DE8-AF95-4631-AAD3-13596DDA7A71}.Debug|Android++.arm64-v8a.Build.0 = Debug|Android++.arm64-v8a
		{BAE12DE8-AF95-4631-AAD3-13596DDA7A71}.Debug|Android++.armv7-a.ActiveCfg = Debug|Android++.armv7-a
		{BAE12DE8-AF95-4631-AAD3-13596DDA7A71}.Debug|Android++.armv7-a.Build.0 = Debug|Android++.armv7-a
		{BAE12DE8-AF95-4631-AAD3-13596DDA7A71}.Debug|Android++.x86.ActiveCfg = Debug|Android++.x86
		{BAE12DE8-AF95-4631-AAD3-13596DDA7A71}.Debug|Android++.x86.Build.0 = Debug|Android++.x86
		{BAE12DE8-AF95-4631-AAD3-13596DDA7A71}.Release|Android++.arm64-v8a.ActiveCfg = Release|Android++.arm64-v8a
		{BAE12DE8-AF95-4631-AAD3-13596DDA7A71}.Release|Android++.armv7-a.ActiveCfg = Release|Android++.armv7-a
		{BAE12DE8-AF95-4631-AAD3-13596DDA7A71}.Release|Android++.x86.ActiveCfg = Release|Android++.x86
		{BAE12DE8-AF95-4631-AAD3-13596DDA7A71}.Release|Android++.x86.Build.0 = Release|Android++.x86
		{E7297190-C74C-41BA-8EE7-E8D86D91CE23}.Debug|Android++.arm64-v8a.ActiveCfg = Debug|Android++.arm64-v8a
		{E7297190-C74C-41BA-8EE7-E8D86D91CE23}.Debug|Android++.arm64-v8a.Build.0 = Debug|Android++.arm64-v8a
		{E7297190-C74C-41BA-8EE7-E8D86D91CE23}.Debug|Android++.armv7-a.ActiveCfg = Debug|Android++.armv7-a
		{E7297190-C74C-41BA-8EE7-E8D86D91CE23}.Debug|Android++.armv7-a.Build.0 = Debug|Android++.armv7-a
		{E7297190-C74C-41BA-8EE7-E8D86D91CE23}.Debug|Android++.x86.ActiveCfg = Debug|Android++.x86
		{E7297190-C74C-41BA-8EE7-E8D86D91CE23}.Debug|Android++.x86.Build.0 = Debug|Android++.x86
		{E7297190-C74C-41BA-8EE7-E8D86D91CE23}.Release|Android++.arm64-v8a.ActiveCfg = Release|Android++.arm64-v8a
		{E7297190-C74C-41BA-8EE7-E8D86D91CE23}.Release|Android++.armv7-a.ActiveCfg = Release|Android++.armv7-a
		{E7297190-C74C-41BA-8EE7-E8D86D91CE23}.Release|Android++.x86.ActiveCfg = Release|Android++.x86
		{E7297190-C74C-41BA-8EE7-E8D86D91CE23}.Release|Android++.x86.Build.0 = Release|Android++.x86
		{1049E8B2-043E-4593-99A7-67FBA6BE5939}.Debug|Android++.arm64-v8a.ActiveCfg = Debug|Android++.arm64-v8a
		{1049E8B2-043E-4593-99A7-67FBA6BE5939}.Debug|Android++.arm64-v8a.Build.0 = Debug|Android++.arm64-v8a
		{1049E8B2-043E-4593-99A7-67FBA6BE5939}.Debug|Android++.armv7-a.ActiveCfg = Debug|Android++.armv7-a
		{1049E8B2-043E-4593-99A7-67FBA6BE5939}.Debug|Android++.armv7-a.Build.0 = Debug|Android++.armv7-a
		{1049E8B2-043E-4593-99A7-67FBA6BE5939}.Debug|Android++.x86.ActiveCfg = Debug|Android++.x86
		{1049E8B2-043E-4593-99A7-67FBA6BE5939}.Debug|Android++.x86.Build.0 = Debug|Android++.x86
		{1049E8B2-043E-4593-99A7-67FBA6BE5939}.Release|Android++.arm64-v8a.ActiveCfg = Release|Android++.arm64-v8a
		{1049E8B2-043E-4593-99A7-67FBA6BE5939}.Release|Android++.armv7-a.ActiveCfg = Release|Android++.armv7-a
		{1049E8B2-043E-4593-99A7-67FBA6BE5939}.Release|Android++.x86.ActiveCfg = Release|Android++.x86
		{1049E8B2-043E-4593-99A7-67FBA6BE5939}.Release|Android++.x86.Build.0 = Release|Android++.x86
	EndGlobalSection
	GlobalSection(SolutionProperties) = preSolution
		HideSolutionNode = FALSE
	EndGlobalSection
EndGlobal
