
Microsoft Visual Studio Solution File, Format Version 11.00
# Visual Studio 2010
Project("{FAE04EC0-301F-11D3-BF4B-00C04F79EFBC}") = "AndroidPlusPlus.Common", "..\..\src\AndroidPlusPlus.Common\AndroidPlusPlus.Common.csproj", "{6D575221-37D1-4C3D-82A5-5FEB632069AA}"
EndProject
Project("{FAE04EC0-301F-11D3-BF4B-00C04F79EFBC}") = "AndroidPlusPlus.MsBuild.Common", "..\..\src\AndroidPlusPlus.MsBuild.Common\AndroidPlusPlus.MsBuild.Common.csproj", "{E3A93421-987E-4704-B0D8-21415453B5C9}"
EndProject
Project("{FAE04EC0-301F-11D3-BF4B-00C04F79EFBC}") = "AndroidPlusPlus.MsBuild.CppTasks", "..\..\src\AndroidPlusPlus.MsBuild.CppTasks\AndroidPlusPlus.MsBuild.CppTasks.csproj", "{37497EC6-D3C1-4507-9262-35D7A23E9CEF}"
EndProject
Project("{FAE04EC0-301F-11D3-BF4B-00C04F79EFBC}") = "AndroidPlusPlus.MsBuild.DeployTasks", "..\..\src\AndroidPlusPlus.MsBuild.DeployTasks\AndroidPlusPlus.MsBuild.DeployTasks.csproj", "{00671E09-F4AD-4EE4-804A-65F40FEDAB17}"
EndProject
Project("{FAE04EC0-301F-11D3-BF4B-00C04F79EFBC}") = "AndroidPlusPlus.MsBuild.Exporter", "..\..\src\AndroidPlusPlus.MsBuild.Exporter\AndroidPlusPlus.MsBuild.Exporter.csproj", "{3B52636E-6536-4DA7-B5DD-CD8353049CB9}"
	ProjectSection(ProjectDependencies) = postProject
		{00671E09-F4AD-4EE4-804A-65F40FEDAB17} = {00671E09-F4AD-4EE4-804A-65F40FEDAB17}
		{E3A93421-987E-4704-B0D8-21415453B5C9} = {E3A93421-987E-4704-B0D8-21415453B5C9}
		{37497EC6-D3C1-4507-9262-35D7A23E9CEF} = {37497EC6-D3C1-4507-9262-35D7A23E9CEF}
	EndProjectSection
EndProject
Project("{FAE04EC0-301F-11D3-BF4B-00C04F79EFBC}") = "AndroidPlusPlus.VsDebugEngine", "..\..\src\AndroidPlusPlus.VsDebugEngine\AndroidPlusPlus.VsDebugEngine.csproj", "{52DDF087-9B2C-49AF-BD1C-EC2B9C1DD0F5}"
EndProject
Project("{FAE04EC0-301F-11D3-BF4B-00C04F79EFBC}") = "AndroidPlusPlus.VsDebugLauncherX", "..\..\src\AndroidPlusPlus.VsDebugLauncherX\AndroidPlusPlus.VsDebugLauncherX.csproj", "{7C701BB4-BAD8-40DA-AFDC-B9820A04F005}"
EndProject
Project("{FAE04EC0-301F-11D3-BF4B-00C04F79EFBC}") = "AndroidPlusPlus.VsIntegratedPackage", "..\..\src\AndroidPlusPlus.VsIntegratedPackage\AndroidPlusPlus.VsIntegratedPackage.csproj", "{14DF8540-798D-46E9-9EC0-1648D3792660}"
	ProjectSection(ProjectDependencies) = postProject
		{3B52636E-6536-4DA7-B5DD-CD8353049CB9} = {3B52636E-6536-4DA7-B5DD-CD8353049CB9}
		{7C701BB4-BAD8-40DA-AFDC-B9820A04F005} = {7C701BB4-BAD8-40DA-AFDC-B9820A04F005}
	EndProjectSection
EndProject
Project("{930C7802-8A8C-48F9-8165-68863BCCD9DD}") = "AndroidPlusPlus.WixInstaller", "..\..\src\AndroidPlusPlus.WixInstaller\AndroidPlusPlus.WixInstaller.wixproj", "{3913F304-DDEE-482A-BDBA-FE25FB0171E3}"
EndProject
Global
	GlobalSection(SolutionConfigurationPlatforms) = preSolution
		Debug|Any CPU = Debug|Any CPU
		Debug|Mixed Platforms = Debug|Mixed Platforms
		Debug|x86 = Debug|x86
		Release|Any CPU = Release|Any CPU
		Release|Mixed Platforms = Release|Mixed Platforms
		Release|x86 = Release|x86
	EndGlobalSection
	GlobalSection(ProjectConfigurationPlatforms) = postSolution
		{6D575221-37D1-4C3D-82A5-5FEB632069AA}.Debug|Any CPU.ActiveCfg = Debug|Any CPU
		{6D575221-37D1-4C3D-82A5-5FEB632069AA}.Debug|Any CPU.Build.0 = Debug|Any CPU
		{6D575221-37D1-4C3D-82A5-5FEB632069AA}.Debug|Mixed Platforms.ActiveCfg = Debug|Any CPU
		{6D575221-37D1-4C3D-82A5-5FEB632069AA}.Debug|Mixed Platforms.Build.0 = Debug|Any CPU
		{6D575221-37D1-4C3D-82A5-5FEB632069AA}.Debug|x86.ActiveCfg = Debug|Any CPU
		{6D575221-37D1-4C3D-82A5-5FEB632069AA}.Release|Any CPU.ActiveCfg = Release|Any CPU
		{6D575221-37D1-4C3D-82A5-5FEB632069AA}.Release|Any CPU.Build.0 = Release|Any CPU
		{6D575221-37D1-4C3D-82A5-5FEB632069AA}.Release|Mixed Platforms.ActiveCfg = Release|Any CPU
		{6D575221-37D1-4C3D-82A5-5FEB632069AA}.Release|Mixed Platforms.Build.0 = Release|Any CPU
		{6D575221-37D1-4C3D-82A5-5FEB632069AA}.Release|x86.ActiveCfg = Release|Any CPU
		{E3A93421-987E-4704-B0D8-21415453B5C9}.Debug|Any CPU.ActiveCfg = Debug|Any CPU
		{E3A93421-987E-4704-B0D8-21415453B5C9}.Debug|Any CPU.Build.0 = Debug|Any CPU
		{E3A93421-987E-4704-B0D8-21415453B5C9}.Debug|Mixed Platforms.ActiveCfg = Debug|Any CPU
		{E3A93421-987E-4704-B0D8-21415453B5C9}.Debug|Mixed Platforms.Build.0 = Debug|Any CPU
		{E3A93421-987E-4704-B0D8-21415453B5C9}.Debug|x86.ActiveCfg = Debug|Any CPU
		{E3A93421-987E-4704-B0D8-21415453B5C9}.Release|Any CPU.ActiveCfg = Release|Any CPU
		{E3A93421-987E-4704-B0D8-21415453B5C9}.Release|Any CPU.Build.0 = Release|Any CPU
		{E3A93421-987E-4704-B0D8-21415453B5C9}.Release|Mixed Platforms.ActiveCfg = Release|Any CPU
		{E3A93421-987E-4704-B0D8-21415453B5C9}.Release|Mixed Platforms.Build.0 = Release|Any CPU
		{E3A93421-987E-4704-B0D8-21415453B5C9}.Release|x86.ActiveCfg = Release|Any CPU
		{37497EC6-D3C1-4507-9262-35D7A23E9CEF}.Debug|Any CPU.ActiveCfg = Debug|Any CPU
		{37497EC6-D3C1-4507-9262-35D7A23E9CEF}.Debug|Any CPU.Build.0 = Debug|Any CPU
		{37497EC6-D3C1-4507-9262-35D7A23E9CEF}.Debug|Mixed Platforms.ActiveCfg = Debug|Any CPU
		{37497EC6-D3C1-4507-9262-35D7A23E9CEF}.Debug|Mixed Platforms.Build.0 = Debug|Any CPU
		{37497EC6-D3C1-4507-9262-35D7A23E9CEF}.Debug|x86.ActiveCfg = Debug|Any CPU
		{37497EC6-D3C1-4507-9262-35D7A23E9CEF}.Release|Any CPU.ActiveCfg = Release|Any CPU
		{37497EC6-D3C1-4507-9262-35D7A23E9CEF}.Release|Any CPU.Build.0 = Release|Any CPU
		{37497EC6-D3C1-4507-9262-35D7A23E9CEF}.Release|Mixed Platforms.ActiveCfg = Release|Any CPU
		{37497EC6-D3C1-4507-9262-35D7A23E9CEF}.Release|Mixed Platforms.Build.0 = Release|Any CPU
		{37497EC6-D3C1-4507-9262-35D7A23E9CEF}.Release|x86.ActiveCfg = Release|Any CPU
		{00671E09-F4AD-4EE4-804A-65F40FEDAB17}.Debug|Any CPU.ActiveCfg = Debug|Any CPU
		{00671E09-F4AD-4EE4-804A-65F40FEDAB17}.Debug|Any CPU.Build.0 = Debug|Any CPU
		{00671E09-F4AD-4EE4-804A-65F40FEDAB17}.Debug|Mixed Platforms.ActiveCfg = Debug|Any CPU
		{00671E09-F4AD-4EE4-804A-65F40FEDAB17}.Debug|Mixed Platforms.Build.0 = Debug|Any CPU
		{00671E09-F4AD-4EE4-804A-65F40FEDAB17}.Debug|x86.ActiveCfg = Debug|Any CPU
		{00671E09-F4AD-4EE4-804A-65F40FEDAB17}.Release|Any CPU.ActiveCfg = Release|Any CPU
		{00671E09-F4AD-4EE4-804A-65F40FEDAB17}.Release|Any CPU.Build.0 = Release|Any CPU
		{00671E09-F4AD-4EE4-804A-65F40FEDAB17}.Release|Mixed Platforms.ActiveCfg = Release|Any CPU
		{00671E09-F4AD-4EE4-804A-65F40FEDAB17}.Release|Mixed Platforms.Build.0 = Release|Any CPU
		{00671E09-F4AD-4EE4-804A-65F40FEDAB17}.Release|x86.ActiveCfg = Release|Any CPU
		{3B52636E-6536-4DA7-B5DD-CD8353049CB9}.Debug|Any CPU.ActiveCfg = Debug|x86
		{3B52636E-6536-4DA7-B5DD-CD8353049CB9}.Debug|Mixed Platforms.ActiveCfg = Debug|x86
		{3B52636E-6536-4DA7-B5DD-CD8353049CB9}.Debug|Mixed Platforms.Build.0 = Debug|x86
		{3B52636E-6536-4DA7-B5DD-CD8353049CB9}.Debug|x86.ActiveCfg = Debug|x86
		{3B52636E-6536-4DA7-B5DD-CD8353049CB9}.Debug|x86.Build.0 = Debug|x86
		{3B52636E-6536-4DA7-B5DD-CD8353049CB9}.Release|Any CPU.ActiveCfg = Release|x86
		{3B52636E-6536-4DA7-B5DD-CD8353049CB9}.Release|Mixed Platforms.ActiveCfg = Release|x86
		{3B52636E-6536-4DA7-B5DD-CD8353049CB9}.Release|Mixed Platforms.Build.0 = Release|x86
		{3B52636E-6536-4DA7-B5DD-CD8353049CB9}.Release|x86.ActiveCfg = Release|x86
		{3B52636E-6536-4DA7-B5DD-CD8353049CB9}.Release|x86.Build.0 = Release|x86
		{52DDF087-9B2C-49AF-BD1C-EC2B9C1DD0F5}.Debug|Any CPU.ActiveCfg = Debug|Any CPU
		{52DDF087-9B2C-49AF-BD1C-EC2B9C1DD0F5}.Debug|Any CPU.Build.0 = Debug|Any CPU
		{52DDF087-9B2C-49AF-BD1C-EC2B9C1DD0F5}.Debug|Mixed Platforms.ActiveCfg = Debug|Any CPU
		{52DDF087-9B2C-49AF-BD1C-EC2B9C1DD0F5}.Debug|Mixed Platforms.Build.0 = Debug|Any CPU
		{52DDF087-9B2C-49AF-BD1C-EC2B9C1DD0F5}.Debug|x86.ActiveCfg = Debug|Any CPU
		{52DDF087-9B2C-49AF-BD1C-EC2B9C1DD0F5}.Release|Any CPU.ActiveCfg = Release|Any CPU
		{52DDF087-9B2C-49AF-BD1C-EC2B9C1DD0F5}.Release|Any CPU.Build.0 = Release|Any CPU
		{52DDF087-9B2C-49AF-BD1C-EC2B9C1DD0F5}.Release|Mixed Platforms.ActiveCfg = Release|Any CPU
		{52DDF087-9B2C-49AF-BD1C-EC2B9C1DD0F5}.Release|Mixed Platforms.Build.0 = Release|Any CPU
		{52DDF087-9B2C-49AF-BD1C-EC2B9C1DD0F5}.Release|x86.ActiveCfg = Release|Any CPU
		{7C701BB4-BAD8-40DA-AFDC-B9820A04F005}.Debug|Any CPU.ActiveCfg = Debug|Any CPU
		{7C701BB4-BAD8-40DA-AFDC-B9820A04F005}.Debug|Any CPU.Build.0 = Debug|Any CPU
		{7C701BB4-BAD8-40DA-AFDC-B9820A04F005}.Debug|Mixed Platforms.ActiveCfg = Debug|Any CPU
		{7C701BB4-BAD8-40DA-AFDC-B9820A04F005}.Debug|Mixed Platforms.Build.0 = Debug|Any CPU
		{7C701BB4-BAD8-40DA-AFDC-B9820A04F005}.Debug|x86.ActiveCfg = Debug|Any CPU
		{7C701BB4-BAD8-40DA-AFDC-B9820A04F005}.Release|Any CPU.ActiveCfg = Release|Any CPU
		{7C701BB4-BAD8-40DA-AFDC-B9820A04F005}.Release|Any CPU.Build.0 = Release|Any CPU
		{7C701BB4-BAD8-40DA-AFDC-B9820A04F005}.Release|Mixed Platforms.ActiveCfg = Release|Any CPU
		{7C701BB4-BAD8-40DA-AFDC-B9820A04F005}.Release|Mixed Platforms.Build.0 = Release|Any CPU
		{7C701BB4-BAD8-40DA-AFDC-B9820A04F005}.Release|x86.ActiveCfg = Release|Any CPU
		{14DF8540-798D-46E9-9EC0-1648D3792660}.Debug|Any CPU.ActiveCfg = Debug|Any CPU
		{14DF8540-798D-46E9-9EC0-1648D3792660}.Debug|Any CPU.Build.0 = Debug|Any CPU
		{14DF8540-798D-46E9-9EC0-1648D3792660}.Debug|Mixed Platforms.ActiveCfg = Debug|Any CPU
		{14DF8540-798D-46E9-9EC0-1648D3792660}.Debug|Mixed Platforms.Build.0 = Debug|Any CPU
		{14DF8540-798D-46E9-9EC0-1648D3792660}.Debug|x86.ActiveCfg = Debug|Any CPU
		{14DF8540-798D-46E9-9EC0-1648D3792660}.Release|Any CPU.ActiveCfg = Release|Any CPU
		{14DF8540-798D-46E9-9EC0-1648D3792660}.Release|Any CPU.Build.0 = Release|Any CPU
		{14DF8540-798D-46E9-9EC0-1648D3792660}.Release|Mixed Platforms.ActiveCfg = Release|Any CPU
		{14DF8540-798D-46E9-9EC0-1648D3792660}.Release|Mixed Platforms.Build.0 = Release|Any CPU
		{14DF8540-798D-46E9-9EC0-1648D3792660}.Release|x86.ActiveCfg = Release|Any CPU
		{3913F304-DDEE-482A-BDBA-FE25FB0171E3}.Debug|Any CPU.ActiveCfg = Debug|x86
		{3913F304-DDEE-482A-BDBA-FE25FB0171E3}.Debug|Mixed Platforms.ActiveCfg = Debug|x86
		{3913F304-DDEE-482A-BDBA-FE25FB0171E3}.Debug|Mixed Platforms.Build.0 = Debug|x86
		{3913F304-DDEE-482A-BDBA-FE25FB0171E3}.Debug|x86.ActiveCfg = Debug|x86
		{3913F304-DDEE-482A-BDBA-FE25FB0171E3}.Debug|x86.Build.0 = Debug|x86
		{3913F304-DDEE-482A-BDBA-FE25FB0171E3}.Release|Any CPU.ActiveCfg = Release|x86
		{3913F304-DDEE-482A-BDBA-FE25FB0171E3}.Release|Mixed Platforms.ActiveCfg = Release|x86
		{3913F304-DDEE-482A-BDBA-FE25FB0171E3}.Release|Mixed Platforms.Build.0 = Release|x86
		{3913F304-DDEE-482A-BDBA-FE25FB0171E3}.Release|x86.ActiveCfg = Release|x86
		{3913F304-DDEE-482A-BDBA-FE25FB0171E3}.Release|x86.Build.0 = Release|x86
	EndGlobalSection
	GlobalSection(SolutionProperties) = preSolution
		HideSolutionNode = FALSE
	EndGlobalSection
EndGlobal
