
Microsoft Visual Studio Solution File, Format Version 11.00
# Visual Studio 2010
Project("{8BC9CEB8-8B4A-11D0-8D11-00A0C91BC942}") = "hello-gdbserver", "hello-gdbserver\hello-gdbserver.vcxproj", "{36324E8C-BC78-4B9E-A9E4-C6DC98158C80}"
EndProject
Project("{8BC9CEB8-8B4A-11D0-8D11-00A0C91BC942}") = "hello-jni", "hello-jni\hello-jni.vcxproj", "{61092FF6-C325-4797-BDCF-E4F138E342B7}"
EndProject
Project("{8BC9CEB8-8B4A-11D0-8D11-00A0C91BC942}") = "native-activity", "native-activity\native-activity.vcxproj", "{B1BE52DA-7EB0-499C-9172-36529FD11512}"
EndProject
Project("{8BC9CEB8-8B4A-11D0-8D11-00A0C91BC942}") = "native-audio", "native-audio\native-audio.vcxproj", "{BAE12DE8-AF95-4631-AAD3-13596DDA7A71}"
EndProject
Global
	GlobalSection(SolutionConfigurationPlatforms) = preSolution
		Debug|Android++ = Debug|Android++
		Release|Android++ = Release|Android++
	EndGlobalSection
	GlobalSection(ProjectConfigurationPlatforms) = postSolution
		{36324E8C-BC78-4B9E-A9E4-C6DC98158C80}.Debug|Android++.ActiveCfg = Debug|Android++
		{36324E8C-BC78-4B9E-A9E4-C6DC98158C80}.Debug|Android++.Build.0 = Debug|Android++
		{36324E8C-BC78-4B9E-A9E4-C6DC98158C80}.Release|Android++.ActiveCfg = Release|Android++
		{36324E8C-BC78-4B9E-A9E4-C6DC98158C80}.Release|Android++.Build.0 = Release|Android++
		{61092FF6-C325-4797-BDCF-E4F138E342B7}.Debug|Android++.ActiveCfg = Debug|Android++
		{61092FF6-C325-4797-BDCF-E4F138E342B7}.Debug|Android++.Build.0 = Debug|Android++
		{61092FF6-C325-4797-BDCF-E4F138E342B7}.Release|Android++.ActiveCfg = Release|Android++
		{61092FF6-C325-4797-BDCF-E4F138E342B7}.Release|Android++.Build.0 = Release|Android++
		{B1BE52DA-7EB0-499C-9172-36529FD11512}.Debug|Android++.ActiveCfg = Debug|Android++
		{B1BE52DA-7EB0-499C-9172-36529FD11512}.Release|Android++.ActiveCfg = Release|Android++
		{BAE12DE8-AF95-4631-AAD3-13596DDA7A71}.Debug|Android++.ActiveCfg = Debug|Android++
		{BAE12DE8-AF95-4631-AAD3-13596DDA7A71}.Release|Android++.ActiveCfg = Release|Android++
	EndGlobalSection
	GlobalSection(SolutionProperties) = preSolution
		HideSolutionNode = FALSE
	EndGlobalSection
EndGlobal
