<?xml version="1.0" encoding="utf-8"?>
<Project ToolsVersion="4.0" xmlns="http://schemas.microsoft.com/developer/msbuild/2003">
  <ItemGroup>
    <Filter Include="google-play-services_lib">
      <UniqueIdentifier>{8892d2cd-53e9-40f4-ad09-dbdf497c3518}</UniqueIdentifier>
    </Filter>
    <Filter Include="google-play-services_lib\src">
      <UniqueIdentifier>{a1c8ce1a-ba2e-4c37-b794-24f494657e37}</UniqueIdentifier>
    </Filter>
    <Filter Include="google-play-services_lib\src\android">
      <UniqueIdentifier>{f952c7ab-be33-4806-811e-19c22ed71b3f}</UniqueIdentifier>
    </Filter>
    <Filter Include="google-play-services_lib\libs">
      <UniqueIdentifier>{eafae8c1-bde2-4afb-a2c5-7ec64a4cb604}</UniqueIdentifier>
    </Filter>
    <Filter Include="src">
      <UniqueIdentifier>{d3090f47-0c52-4602-8a00-c1717834d590}</UniqueIdentifier>
    </Filter>
    <Filter Include="src\com">
      <UniqueIdentifier>{116728e6-a69b-4af3-99f8-95a2358b46f0}</UniqueIdentifier>
    </Filter>
    <Filter Include="src\com\google">
      <UniqueIdentifier>{189af9c8-acb5-4e8a-9b07-0c69fa5f3299}</UniqueIdentifier>
    </Filter>
    <Filter Include="src\com\google\android">
      <UniqueIdentifier>{6a56e96c-f453-4d11-9b9f-7bdfa1e7a6cd}</UniqueIdentifier>
    </Filter>
    <Filter Include="src\com\google\android\gms">
      <UniqueIdentifier>{ec7a33b5-7e90-4fea-b3c9-40188a291c4f}</UniqueIdentifier>
    </Filter>
    <Filter Include="src\com\google\android\gms\auth">
      <UniqueIdentifier>{6ac300e9-2b2f-41f4-9f48-6e193fe347e4}</UniqueIdentifier>
    </Filter>
    <Filter Include="src\com\google\android\gms\auth\sample">
      <UniqueIdentifier>{645dce38-736b-4473-abfb-e5249f13785f}</UniqueIdentifier>
    </Filter>
    <Filter Include="src\com\google\android\gms\auth\sample\helloauth">
      <UniqueIdentifier>{534e12ac-b599-4a29-9256-b9d3ed7ae783}</UniqueIdentifier>
    </Filter>
  </ItemGroup>
  <ItemGroup>
    <AndroidJava Include="google-play-services_lib\src\android\UnusedStub.java">
      <Filter>google-play-services_lib\src\android</Filter>
    </AndroidJava>
    <AndroidJava Include="google-play-services_lib\libs\google-play-services.jar">
      <Filter>google-play-services_lib\libs</Filter>
    </AndroidJava>
    <AndroidJava Include="src\com\google\android\gms\auth\sample\helloauth\AbstractGetNameTask.java">
      <Filter>src\com\google\android\gms\auth\sample\helloauth</Filter>
    </AndroidJava>
    <AndroidJava Include="src\com\google\android\gms\auth\sample\helloauth\MainActivity.java">
      <Filter>src\com\google\android\gms\auth\sample\helloauth</Filter>
    </AndroidJava>
    <AndroidJava Include="src\com\google\android\gms\auth\sample\helloauth\GetNameInBackground.java">
      <Filter>src\com\google\android\gms\auth\sample\helloauth</Filter>
    </AndroidJava>
    <AndroidJava Include="src\com\google\android\gms\auth\sample\helloauth\GetNameInBackgroundWithSync.java">
      <Filter>src\com\google\android\gms\auth\sample\helloauth</Filter>
    </AndroidJava>
    <AndroidJava Include="src\com\google\android\gms\auth\sample\helloauth\GetNameInForeground.java">
      <Filter>src\com\google\android\gms\auth\sample\helloauth</Filter>
    </AndroidJava>
    <AndroidJava Include="src\com\google\android\gms\auth\sample\helloauth\HelloActivity.java">
      <Filter>src\com\google\android\gms\auth\sample\helloauth</Filter>
    </AndroidJava>
  </ItemGroup>
  <ItemGroup>
    <AndroidManifest Include="google-play-services_lib\AndroidManifest.xml">
      <Filter>google-play-services_lib</Filter>
    </AndroidManifest>
    <AndroidManifest Include="AndroidManifest.xml" />
  </ItemGroup>
</Project>