
Microsoft Visual Studio Solution File, Format Version 11.00
# Visual Studio 2010
Project("{FAE04EC0-301F-11D3-BF4B-00C04F79EFBC}") = "AndroidPlusPlus.Common.vs2010", "AndroidPlusPlus.Common\AndroidPlusPlus.Common.vs2010.csproj", "{6D575221-37D1-4C3D-82A5-5FEB632069AA}"
EndProject
Project("{FAE04EC0-301F-11D3-BF4B-00C04F79EFBC}") = "AndroidPlusPlus.VsDebugEngine.vs2010", "AndroidPlusPlus.VsDebugEngine\AndroidPlusPlus.VsDebugEngine.vs2010.csproj", "{52DDF087-9B2C-49AF-BD1C-EC2B9C1DD0F5}"
EndProject
Project("{FAE04EC0-301F-11D3-BF4B-00C04F79EFBC}") = "AndroidPlusPlus.VsDebugLauncher.vs2010", "AndroidPlusPlus.VsDebugLauncher\AndroidPlusPlus.VsDebugLauncher.vs2010.csproj", "{7C701BB4-BAD8-40DA-AFDC-B9820A04F005}"
EndProject
Project("{FAE04EC0-301F-11D3-BF4B-00C04F79EFBC}") = "AndroidPlusPlus.VsIntegratedPackage.vs2010", "AndroidPlusPlus.VsIntegratedPackage\AndroidPlusPlus.VsIntegratedPackage.vs2010.csproj", "{14DF8540-798D-46E9-9EC0-1648D3792660}"
	ProjectSection(ProjectDependencies) = postProject
		{7C701BB4-BAD8-40DA-AFDC-B9820A04F005} = {7C701BB4-BAD8-40DA-AFDC-B9820A04F005}
	EndProjectSection
EndProject
Global
	GlobalSection(SolutionConfigurationPlatforms) = preSolution
		Debug|Any CPU = Debug|Any CPU
		Debug|Mixed Platforms = Debug|Mixed Platforms
		Debug|x86 = Debug|x86
		Release|Any CPU = Release|Any CPU
		Release|Mixed Platforms = Release|Mixed Platforms
		Release|x86 = Release|x86
	EndGlobalSection
	GlobalSection(ProjectConfigurationPlatforms) = postSolution
		{6D575221-37D1-4C3D-82A5-5FEB632069AA}.Debug|Any CPU.ActiveCfg = Debug|Any CPU
		{6D575221-37D1-4C3D-82A5-5FEB632069AA}.Debug|Any CPU.Build.0 = Debug|Any CPU
		{6D575221-37D1-4C3D-82A5-5FEB632069AA}.Debug|Mixed Platforms.ActiveCfg = Debug|Any CPU
		{6D575221-37D1-4C3D-82A5-5FEB632069AA}.Debug|Mixed Platforms.Build.0 = Debug|Any CPU
		{6D575221-37D1-4C3D-82A5-5FEB632069AA}.Debug|x86.ActiveCfg = Debug|Any CPU
		{6D575221-37D1-4C3D-82A5-5FEB632069AA}.Release|Any CPU.ActiveCfg = Release|Any CPU
		{6D575221-37D1-4C3D-82A5-5FEB632069AA}.Release|Any CPU.Build.0 = Release|Any CPU
		{6D575221-37D1-4C3D-82A5-5FEB632069AA}.Release|Mixed Platforms.ActiveCfg = Release|Any CPU
		{6D575221-37D1-4C3D-82A5-5FEB632069AA}.Release|Mixed Platforms.Build.0 = Release|Any CPU
		{6D575221-37D1-4C3D-82A5-5FEB632069AA}.Release|x86.ActiveCfg = Release|Any CPU
		{52DDF087-9B2C-49AF-BD1C-EC2B9C1DD0F5}.Debug|Any CPU.ActiveCfg = Debug|Any CPU
		{52DDF087-9B2C-49AF-BD1C-EC2B9C1DD0F5}.Debug|Any CPU.Build.0 = Debug|Any CPU
		{52DDF087-9B2C-49AF-BD1C-EC2B9C1DD0F5}.Debug|Mixed Platforms.ActiveCfg = Debug|Any CPU
		{52DDF087-9B2C-49AF-BD1C-EC2B9C1DD0F5}.Debug|Mixed Platforms.Build.0 = Debug|Any CPU
		{52DDF087-9B2C-49AF-BD1C-EC2B9C1DD0F5}.Debug|x86.ActiveCfg = Debug|Any CPU
		{52DDF087-9B2C-49AF-BD1C-EC2B9C1DD0F5}.Release|Any CPU.ActiveCfg = Release|Any CPU
		{52DDF087-9B2C-49AF-BD1C-EC2B9C1DD0F5}.Release|Any CPU.Build.0 = Release|Any CPU
		{52DDF087-9B2C-49AF-BD1C-EC2B9C1DD0F5}.Release|Mixed Platforms.ActiveCfg = Release|Any CPU
		{52DDF087-9B2C-49AF-BD1C-EC2B9C1DD0F5}.Release|Mixed Platforms.Build.0 = Release|Any CPU
		{52DDF087-9B2C-49AF-BD1C-EC2B9C1DD0F5}.Release|x86.ActiveCfg = Release|Any CPU
		{7C701BB4-BAD8-40DA-AFDC-B9820A04F005}.Debug|Any CPU.ActiveCfg = Debug|Any CPU
		{7C701BB4-BAD8-40DA-AFDC-B9820A04F005}.Debug|Any CPU.Build.0 = Debug|Any CPU
		{7C701BB4-BAD8-40DA-AFDC-B9820A04F005}.Debug|Mixed Platforms.ActiveCfg = Debug|Any CPU
		{7C701BB4-BAD8-40DA-AFDC-B9820A04F005}.Debug|Mixed Platforms.Build.0 = Debug|Any CPU
		{7C701BB4-BAD8-40DA-AFDC-B9820A04F005}.Debug|x86.ActiveCfg = Debug|Any CPU
		{7C701BB4-BAD8-40DA-AFDC-B9820A04F005}.Release|Any CPU.ActiveCfg = Release|Any CPU
		{7C701BB4-BAD8-40DA-AFDC-B9820A04F005}.Release|Any CPU.Build.0 = Release|Any CPU
		{7C701BB4-BAD8-40DA-AFDC-B9820A04F005}.Release|Mixed Platforms.ActiveCfg = Release|Any CPU
		{7C701BB4-BAD8-40DA-AFDC-B9820A04F005}.Release|Mixed Platforms.Build.0 = Release|Any CPU
		{7C701BB4-BAD8-40DA-AFDC-B9820A04F005}.Release|x86.ActiveCfg = Release|Any CPU
		{14DF8540-798D-46E9-9EC0-1648D3792660}.Debug|Any CPU.ActiveCfg = Debug|Any CPU
		{14DF8540-798D-46E9-9EC0-1648D3792660}.Debug|Any CPU.Build.0 = Debug|Any CPU
		{14DF8540-798D-46E9-9EC0-1648D3792660}.Debug|Mixed Platforms.ActiveCfg = Debug|Any CPU
		{14DF8540-798D-46E9-9EC0-1648D3792660}.Debug|Mixed Platforms.Build.0 = Debug|Any CPU
		{14DF8540-798D-46E9-9EC0-1648D3792660}.Debug|x86.ActiveCfg = Debug|Any CPU
		{14DF8540-798D-46E9-9EC0-1648D3792660}.Release|Any CPU.ActiveCfg = Release|Any CPU
		{14DF8540-798D-46E9-9EC0-1648D3792660}.Release|Any CPU.Build.0 = Release|Any CPU
		{14DF8540-798D-46E9-9EC0-1648D3792660}.Release|Mixed Platforms.ActiveCfg = Release|Any CPU
		{14DF8540-798D-46E9-9EC0-1648D3792660}.Release|Mixed Platforms.Build.0 = Release|Any CPU
		{14DF8540-798D-46E9-9EC0-1648D3792660}.Release|x86.ActiveCfg = Release|Any CPU
	EndGlobalSection
	GlobalSection(SolutionProperties) = preSolution
		HideSolutionNode = FALSE
	EndGlobalSection
EndGlobal
