<?xml version="1.0" encoding="utf-8"?>
<Project ToolsVersion="4.0" xmlns="http://schemas.microsoft.com/developer/msbuild/2003">
  <ItemGroup>
    <Filter Include="src">
      <UniqueIdentifier>{e71e87b4-15b2-4aac-a733-3e8485833301}</UniqueIdentifier>
    </Filter>
    <Filter Include="include">
      <UniqueIdentifier>{7bf4a928-b249-4924-8e9b-6024006a778a}</UniqueIdentifier>
    </Filter>
    <Filter Include="src\audio">
      <UniqueIdentifier>{6d964d67-c153-457a-9cb9-774f0deed92f}</UniqueIdentifier>
    </Filter>
    <Filter Include="src\atomic">
      <UniqueIdentifier>{fd65b127-9f87-43bf-b694-831f2ad77925}</UniqueIdentifier>
    </Filter>
    <Filter Include="src\audio\android">
      <UniqueIdentifier>{c4e667b1-5a77-4637-9450-17b624a13bd1}</UniqueIdentifier>
    </Filter>
    <Filter Include="src\audio\dummy">
      <UniqueIdentifier>{b692b8f1-d84a-4bdb-974b-b44b8f511467}</UniqueIdentifier>
    </Filter>
    <Filter Include="src\core">
      <UniqueIdentifier>{0d91fb6f-fa57-4f97-89bb-8a9b95ecb389}</UniqueIdentifier>
    </Filter>
    <Filter Include="src\core\android">
      <UniqueIdentifier>{b1aecd3b-5492-4797-a705-a80fb31eefc4}</UniqueIdentifier>
    </Filter>
    <Filter Include="src\cpuinfo">
      <UniqueIdentifier>{0a3334bc-0c37-4a7c-875d-54ba57c7fd30}</UniqueIdentifier>
    </Filter>
    <Filter Include="src\events">
      <UniqueIdentifier>{3a400a42-50f5-4900-a703-45385e8543b7}</UniqueIdentifier>
    </Filter>
    <Filter Include="src\file">
      <UniqueIdentifier>{9e0c3435-db91-4ce6-9be1-4150654d82fb}</UniqueIdentifier>
    </Filter>
    <Filter Include="src\filesystem">
      <UniqueIdentifier>{77a378ae-70b8-472c-bd1c-40676a16b99a}</UniqueIdentifier>
    </Filter>
    <Filter Include="src\filesystem\dummy">
      <UniqueIdentifier>{aa856415-eed0-4fd5-b23d-4a05afc887a3}</UniqueIdentifier>
    </Filter>
    <Filter Include="src\haptic">
      <UniqueIdentifier>{80ff6722-92cb-4e6f-b1f5-f7b91eaa6727}</UniqueIdentifier>
    </Filter>
    <Filter Include="src\haptic\dummy">
      <UniqueIdentifier>{fe5f5ddc-ef01-422f-b01d-2e1d868a99bc}</UniqueIdentifier>
    </Filter>
    <Filter Include="src\joystick">
      <UniqueIdentifier>{e4bb9311-33b1-44fe-aff9-57ca1256944e}</UniqueIdentifier>
    </Filter>
    <Filter Include="src\joystick\android">
      <UniqueIdentifier>{135c462c-363a-4fa9-a59a-b1a00c85a648}</UniqueIdentifier>
    </Filter>
    <Filter Include="src\loadso">
      <UniqueIdentifier>{f14709b1-99c2-4353-96ce-ce0f899c06cf}</UniqueIdentifier>
    </Filter>
    <Filter Include="src\loadso\dlopen">
      <UniqueIdentifier>{b78fb2a5-72cc-4233-a2b1-247bc0cc7138}</UniqueIdentifier>
    </Filter>
    <Filter Include="src\power">
      <UniqueIdentifier>{9517d8eb-b2a6-4652-a99a-563905a2ed90}</UniqueIdentifier>
    </Filter>
    <Filter Include="src\power\android">
      <UniqueIdentifier>{ce5e0125-a8d0-477e-8b15-382770306fcd}</UniqueIdentifier>
    </Filter>
    <Filter Include="src\render">
      <UniqueIdentifier>{fa2e90c0-4dcd-4b88-86e5-64d8240f01a7}</UniqueIdentifier>
    </Filter>
    <Filter Include="src\render\opengles">
      <UniqueIdentifier>{2e534601-ee47-473e-8810-979122d7a28c}</UniqueIdentifier>
    </Filter>
    <Filter Include="src\render\opengles2">
      <UniqueIdentifier>{a935a94b-2670-484c-95b0-a8f4d2f39f66}</UniqueIdentifier>
    </Filter>
    <Filter Include="src\render\software">
      <UniqueIdentifier>{f81ba1d0-42cc-46d4-9a36-37b766346eee}</UniqueIdentifier>
    </Filter>
    <Filter Include="src\stdlib">
      <UniqueIdentifier>{22146222-8e97-403c-8941-f6b82799d1ca}</UniqueIdentifier>
    </Filter>
    <Filter Include="src\thread">
      <UniqueIdentifier>{2861b586-b916-4d66-953d-68312a1da4ab}</UniqueIdentifier>
    </Filter>
    <Filter Include="src\thread\pthread">
      <UniqueIdentifier>{d4dbbcd3-f566-42e0-accd-3e22a7be5049}</UniqueIdentifier>
    </Filter>
    <Filter Include="src\timer">
      <UniqueIdentifier>{bd2221b0-79df-4e37-b3e0-f2a258a6b20e}</UniqueIdentifier>
    </Filter>
    <Filter Include="src\timer\unix">
      <UniqueIdentifier>{1ebf79d7-42f2-4718-ac82-63c3432a58ab}</UniqueIdentifier>
    </Filter>
    <Filter Include="src\video">
      <UniqueIdentifier>{6b0d19af-54f3-44d5-9da4-eab010d002c9}</UniqueIdentifier>
    </Filter>
    <Filter Include="src\video\android">
      <UniqueIdentifier>{0d101824-4ef3-4c37-b165-8745d6537963}</UniqueIdentifier>
    </Filter>
  </ItemGroup>
  <ItemGroup>
    <ClInclude Include="include\SDL_assert.h">
      <Filter>include</Filter>
    </ClInclude>
    <ClInclude Include="include\SDL_atomic.h">
      <Filter>include</Filter>
    </ClInclude>
    <ClInclude Include="include\SDL_audio.h">
      <Filter>include</Filter>
    </ClInclude>
    <ClInclude Include="include\SDL_bits.h">
      <Filter>include</Filter>
    </ClInclude>
    <ClInclude Include="include\SDL_blendmode.h">
      <Filter>include</Filter>
    </ClInclude>
    <ClInclude Include="include\SDL_clipboard.h">
      <Filter>include</Filter>
    </ClInclude>
    <ClInclude Include="include\SDL_config.h">
      <Filter>include</Filter>
    </ClInclude>
    <ClInclude Include="include\SDL_config_android.h">
      <Filter>include</Filter>
    </ClInclude>
    <ClInclude Include="include\SDL_config_iphoneos.h">
      <Filter>include</Filter>
    </ClInclude>
    <ClInclude Include="include\SDL_config_macosx.h">
      <Filter>include</Filter>
    </ClInclude>
    <ClInclude Include="include\SDL_config_minimal.h">
      <Filter>include</Filter>
    </ClInclude>
    <ClInclude Include="include\SDL_config_pandora.h">
      <Filter>include</Filter>
    </ClInclude>
    <ClInclude Include="include\SDL_config_psp.h">
      <Filter>include</Filter>
    </ClInclude>
    <ClInclude Include="include\SDL_config_windows.h">
      <Filter>include</Filter>
    </ClInclude>
    <ClInclude Include="include\SDL_config_wiz.h">
      <Filter>include</Filter>
    </ClInclude>
    <ClInclude Include="include\SDL_copying.h">
      <Filter>include</Filter>
    </ClInclude>
    <ClInclude Include="include\SDL_cpuinfo.h">
      <Filter>include</Filter>
    </ClInclude>
    <ClInclude Include="include\SDL_endian.h">
      <Filter>include</Filter>
    </ClInclude>
    <ClInclude Include="include\SDL_error.h">
      <Filter>include</Filter>
    </ClInclude>
    <ClInclude Include="include\SDL_events.h">
      <Filter>include</Filter>
    </ClInclude>
    <ClInclude Include="include\SDL_filesystem.h">
      <Filter>include</Filter>
    </ClInclude>
    <ClInclude Include="include\SDL_gamecontroller.h">
      <Filter>include</Filter>
    </ClInclude>
    <ClInclude Include="include\SDL_gesture.h">
      <Filter>include</Filter>
    </ClInclude>
    <ClInclude Include="include\SDL_haptic.h">
      <Filter>include</Filter>
    </ClInclude>
    <ClInclude Include="include\SDL_hints.h">
      <Filter>include</Filter>
    </ClInclude>
    <ClInclude Include="include\SDL_joystick.h">
      <Filter>include</Filter>
    </ClInclude>
    <ClInclude Include="include\SDL_keyboard.h">
      <Filter>include</Filter>
    </ClInclude>
    <ClInclude Include="include\SDL_keycode.h">
      <Filter>include</Filter>
    </ClInclude>
    <ClInclude Include="include\SDL_loadso.h">
      <Filter>include</Filter>
    </ClInclude>
    <ClInclude Include="include\SDL_log.h">
      <Filter>include</Filter>
    </ClInclude>
    <ClInclude Include="include\SDL_main.h">
      <Filter>include</Filter>
    </ClInclude>
    <ClInclude Include="include\SDL_messagebox.h">
      <Filter>include</Filter>
    </ClInclude>
    <ClInclude Include="include\SDL_mouse.h">
      <Filter>include</Filter>
    </ClInclude>
    <ClInclude Include="include\SDL_mutex.h">
      <Filter>include</Filter>
    </ClInclude>
    <ClInclude Include="include\SDL_name.h">
      <Filter>include</Filter>
    </ClInclude>
    <ClInclude Include="include\SDL_opengl.h">
      <Filter>include</Filter>
    </ClInclude>
    <ClInclude Include="include\SDL_opengles.h">
      <Filter>include</Filter>
    </ClInclude>
    <ClInclude Include="include\SDL_opengles2.h">
      <Filter>include</Filter>
    </ClInclude>
    <ClInclude Include="include\SDL_pixels.h">
      <Filter>include</Filter>
    </ClInclude>
    <ClInclude Include="include\SDL_platform.h">
      <Filter>include</Filter>
    </ClInclude>
    <ClInclude Include="include\SDL_power.h">
      <Filter>include</Filter>
    </ClInclude>
    <ClInclude Include="include\SDL_quit.h">
      <Filter>include</Filter>
    </ClInclude>
    <ClInclude Include="include\SDL_rect.h">
      <Filter>include</Filter>
    </ClInclude>
    <ClInclude Include="include\SDL_render.h">
      <Filter>include</Filter>
    </ClInclude>
    <ClInclude Include="include\SDL_revision.h">
      <Filter>include</Filter>
    </ClInclude>
    <ClInclude Include="include\SDL_rwops.h">
      <Filter>include</Filter>
    </ClInclude>
    <ClInclude Include="include\SDL_scancode.h">
      <Filter>include</Filter>
    </ClInclude>
    <ClInclude Include="include\SDL_shape.h">
      <Filter>include</Filter>
    </ClInclude>
    <ClInclude Include="include\SDL_stdinc.h">
      <Filter>include</Filter>
    </ClInclude>
    <ClInclude Include="include\SDL_surface.h">
      <Filter>include</Filter>
    </ClInclude>
    <ClInclude Include="include\SDL_system.h">
      <Filter>include</Filter>
    </ClInclude>
    <ClInclude Include="include\SDL_syswm.h">
      <Filter>include</Filter>
    </ClInclude>
    <ClInclude Include="include\SDL_test.h">
      <Filter>include</Filter>
    </ClInclude>
    <ClInclude Include="include\SDL_test_assert.h">
      <Filter>include</Filter>
    </ClInclude>
    <ClInclude Include="include\SDL_test_common.h">
      <Filter>include</Filter>
    </ClInclude>
    <ClInclude Include="include\SDL_test_compare.h">
      <Filter>include</Filter>
    </ClInclude>
    <ClInclude Include="include\SDL_test_crc32.h">
      <Filter>include</Filter>
    </ClInclude>
    <ClInclude Include="include\SDL_test_font.h">
      <Filter>include</Filter>
    </ClInclude>
    <ClInclude Include="include\SDL_test_fuzzer.h">
      <Filter>include</Filter>
    </ClInclude>
    <ClInclude Include="include\SDL_test_harness.h">
      <Filter>include</Filter>
    </ClInclude>
    <ClInclude Include="include\SDL_test_images.h">
      <Filter>include</Filter>
    </ClInclude>
    <ClInclude Include="include\SDL_test_log.h">
      <Filter>include</Filter>
    </ClInclude>
    <ClInclude Include="include\SDL_test_md5.h">
      <Filter>include</Filter>
    </ClInclude>
    <ClInclude Include="include\SDL_test_random.h">
      <Filter>include</Filter>
    </ClInclude>
    <ClInclude Include="include\SDL_thread.h">
      <Filter>include</Filter>
    </ClInclude>
    <ClInclude Include="include\SDL_timer.h">
      <Filter>include</Filter>
    </ClInclude>
    <ClInclude Include="include\SDL_touch.h">
      <Filter>include</Filter>
    </ClInclude>
    <ClInclude Include="include\SDL_types.h">
      <Filter>include</Filter>
    </ClInclude>
    <ClInclude Include="include\SDL_version.h">
      <Filter>include</Filter>
    </ClInclude>
    <ClInclude Include="include\SDL_video.h">
      <Filter>include</Filter>
    </ClInclude>
    <ClInclude Include="include\begin_code.h">
      <Filter>include</Filter>
    </ClInclude>
    <ClInclude Include="include\close_code.h">
      <Filter>include</Filter>
    </ClInclude>
    <ClInclude Include="include\SDL.h">
      <Filter>include</Filter>
    </ClInclude>
    <ClInclude Include="src\audio\SDL_sysaudio.h">
      <Filter>src\audio</Filter>
    </ClInclude>
    <ClInclude Include="src\audio\SDL_wave.h">
      <Filter>src\audio</Filter>
    </ClInclude>
    <ClInclude Include="src\audio\SDL_audio_c.h">
      <Filter>src\audio</Filter>
    </ClInclude>
    <ClInclude Include="src\audio\SDL_audiodev_c.h">
      <Filter>src\audio</Filter>
    </ClInclude>
    <ClInclude Include="src\audio\SDL_audiomem.h">
      <Filter>src\audio</Filter>
    </ClInclude>
    <ClInclude Include="src\audio\android\SDL_androidaudio.h">
      <Filter>src\audio\android</Filter>
    </ClInclude>
    <ClInclude Include="src\audio\dummy\SDL_dummyaudio.h">
      <Filter>src\audio\dummy</Filter>
    </ClInclude>
    <ClInclude Include="src\core\android\SDL_android.h">
      <Filter>src\core\android</Filter>
    </ClInclude>
    <ClInclude Include="src\events\SDL_events_c.h">
      <Filter>src\events</Filter>
    </ClInclude>
    <ClInclude Include="src\events\SDL_gesture_c.h">
      <Filter>src\events</Filter>
    </ClInclude>
    <ClInclude Include="src\events\SDL_keyboard_c.h">
      <Filter>src\events</Filter>
    </ClInclude>
    <ClInclude Include="src\events\SDL_mouse_c.h">
      <Filter>src\events</Filter>
    </ClInclude>
    <ClInclude Include="src\events\SDL_sysevents.h">
      <Filter>src\events</Filter>
    </ClInclude>
    <ClInclude Include="src\events\SDL_touch_c.h">
      <Filter>src\events</Filter>
    </ClInclude>
    <ClInclude Include="src\events\SDL_windowevents_c.h">
      <Filter>src\events</Filter>
    </ClInclude>
    <ClInclude Include="src\events\blank_cursor.h">
      <Filter>src\events</Filter>
    </ClInclude>
    <ClInclude Include="src\events\default_cursor.h">
      <Filter>src\events</Filter>
    </ClInclude>
    <ClInclude Include="src\events\scancodes_darwin.h">
      <Filter>src\events</Filter>
    </ClInclude>
    <ClInclude Include="src\events\scancodes_linux.h">
      <Filter>src\events</Filter>
    </ClInclude>
    <ClInclude Include="src\events\scancodes_windows.h">
      <Filter>src\events</Filter>
    </ClInclude>
    <ClInclude Include="src\events\scancodes_xfree86.h">
      <Filter>src\events</Filter>
    </ClInclude>
    <ClInclude Include="src\events\SDL_clipboardevents_c.h">
      <Filter>src\events</Filter>
    </ClInclude>
    <ClInclude Include="src\events\SDL_dropevents_c.h">
      <Filter>src\events</Filter>
    </ClInclude>
    <ClInclude Include="src\haptic\SDL_haptic_c.h">
      <Filter>src\haptic</Filter>
    </ClInclude>
    <ClInclude Include="src\haptic\SDL_syshaptic.h">
      <Filter>src\haptic</Filter>
    </ClInclude>
    <ClInclude Include="src\joystick\SDL_sysjoystick.h">
      <Filter>src\joystick</Filter>
    </ClInclude>
    <ClInclude Include="src\joystick\SDL_gamecontrollerdb.h">
      <Filter>src\joystick</Filter>
    </ClInclude>
    <ClInclude Include="src\joystick\SDL_joystick_c.h">
      <Filter>src\joystick</Filter>
    </ClInclude>
    <ClInclude Include="src\render\SDL_sysrender.h">
      <Filter>src\render</Filter>
    </ClInclude>
    <ClInclude Include="src\render\SDL_yuv_sw_c.h">
      <Filter>src\render</Filter>
    </ClInclude>
    <ClInclude Include="src\render\mmx.h">
      <Filter>src\render</Filter>
    </ClInclude>
    <ClInclude Include="src\render\software\SDL_blendpoint.h">
      <Filter>src\render\software</Filter>
    </ClInclude>
    <ClInclude Include="src\render\software\SDL_draw.h">
      <Filter>src\render\software</Filter>
    </ClInclude>
    <ClInclude Include="src\render\software\SDL_drawline.h">
      <Filter>src\render\software</Filter>
    </ClInclude>
    <ClInclude Include="src\render\software\SDL_drawpoint.h">
      <Filter>src\render\software</Filter>
    </ClInclude>
    <ClInclude Include="src\render\software\SDL_render_sw_c.h">
      <Filter>src\render\software</Filter>
    </ClInclude>
    <ClInclude Include="src\render\software\SDL_rotate.h">
      <Filter>src\render\software</Filter>
    </ClInclude>
    <ClInclude Include="src\render\software\SDL_blendfillrect.h">
      <Filter>src\render\software</Filter>
    </ClInclude>
    <ClInclude Include="src\render\software\SDL_blendline.h">
      <Filter>src\render\software</Filter>
    </ClInclude>
    <ClInclude Include="src\render\opengles2\SDL_shaders_gles2.h">
      <Filter>src\render\opengles2</Filter>
    </ClInclude>
    <ClInclude Include="src\render\opengles2\SDL_gles2funcs.h">
      <Filter>src\render\opengles2</Filter>
    </ClInclude>
    <ClInclude Include="src\render\opengles\SDL_glesfuncs.h">
      <Filter>src\render\opengles</Filter>
    </ClInclude>
    <ClInclude Include="src\thread\SDL_systhread.h">
      <Filter>src\thread</Filter>
    </ClInclude>
    <ClInclude Include="src\thread\SDL_thread_c.h">
      <Filter>src\thread</Filter>
    </ClInclude>
    <ClInclude Include="src\thread\pthread\SDL_sysmutex_c.h">
      <Filter>src\thread\pthread</Filter>
    </ClInclude>
    <ClInclude Include="src\thread\pthread\SDL_systhread_c.h">
      <Filter>src\thread\pthread</Filter>
    </ClInclude>
    <ClInclude Include="src\timer\SDL_timer_c.h">
      <Filter>src\timer</Filter>
    </ClInclude>
    <ClInclude Include="src\video\SDL_sysvideo.h">
      <Filter>src\video</Filter>
    </ClInclude>
    <ClInclude Include="src\video\SDL_blit.h">
      <Filter>src\video</Filter>
    </ClInclude>
    <ClInclude Include="src\video\SDL_blit_auto.h">
      <Filter>src\video</Filter>
    </ClInclude>
    <ClInclude Include="src\video\SDL_blit_copy.h">
      <Filter>src\video</Filter>
    </ClInclude>
    <ClInclude Include="src\video\SDL_blit_slow.h">
      <Filter>src\video</Filter>
    </ClInclude>
    <ClInclude Include="src\video\SDL_egl.h">
      <Filter>src\video</Filter>
    </ClInclude>
    <ClInclude Include="src\video\SDL_pixels_c.h">
      <Filter>src\video</Filter>
    </ClInclude>
    <ClInclude Include="src\video\SDL_rect_c.h">
      <Filter>src\video</Filter>
    </ClInclude>
    <ClInclude Include="src\video\SDL_RLEaccel_c.h">
      <Filter>src\video</Filter>
    </ClInclude>
    <ClInclude Include="src\video\SDL_shape_internals.h">
      <Filter>src\video</Filter>
    </ClInclude>
    <ClInclude Include="src\video\android\SDL_androidkeyboard.h">
      <Filter>src\video\android</Filter>
    </ClInclude>
    <ClInclude Include="src\video\android\SDL_androidtouch.h">
      <Filter>src\video\android</Filter>
    </ClInclude>
    <ClInclude Include="src\video\android\SDL_androidvideo.h">
      <Filter>src\video\android</Filter>
    </ClInclude>
    <ClInclude Include="src\video\android\SDL_androidwindow.h">
      <Filter>src\video\android</Filter>
    </ClInclude>
    <ClInclude Include="src\video\android\SDL_androidclipboard.h">
      <Filter>src\video\android</Filter>
    </ClInclude>
    <ClInclude Include="src\video\android\SDL_androidevents.h">
      <Filter>src\video\android</Filter>
    </ClInclude>
    <ClInclude Include="src\SDL_assert_c.h">
      <Filter>src</Filter>
    </ClInclude>
    <ClInclude Include="src\SDL_error_c.h">
      <Filter>src</Filter>
    </ClInclude>
  </ItemGroup>
  <ItemGroup>
    <None Include="include\SDL_config.h.cmake">
      <Filter>include</Filter>
    </None>
    <None Include="include\SDL_config.h.in">
      <Filter>include</Filter>
    </None>
    <None Include="include\doxyfile">
      <Filter>include</Filter>
    </None>
  </ItemGroup>
  <ItemGroup>
    <ClCompile Include="src\atomic\SDL_spinlock.c">
      <Filter>src\atomic</Filter>
    </ClCompile>
    <ClCompile Include="src\atomic\SDL_atomic.c">
      <Filter>src\atomic</Filter>
    </ClCompile>
    <ClCompile Include="src\audio\SDL_mixer.c">
      <Filter>src\audio</Filter>
    </ClCompile>
    <ClCompile Include="src\audio\SDL_wave.c">
      <Filter>src\audio</Filter>
    </ClCompile>
    <ClCompile Include="src\audio\SDL_audio.c">
      <Filter>src\audio</Filter>
    </ClCompile>
    <ClCompile Include="src\audio\SDL_audiocvt.c">
      <Filter>src\audio</Filter>
    </ClCompile>
    <ClCompile Include="src\audio\SDL_audiodev.c">
      <Filter>src\audio</Filter>
    </ClCompile>
    <ClCompile Include="src\audio\SDL_audiotypecvt.c">
      <Filter>src\audio</Filter>
    </ClCompile>
    <ClCompile Include="src\audio\android\SDL_androidaudio.c">
      <Filter>src\audio\android</Filter>
    </ClCompile>
    <ClCompile Include="src\audio\dummy\SDL_dummyaudio.c">
      <Filter>src\audio\dummy</Filter>
    </ClCompile>
    <ClCompile Include="src\core\android\SDL_android.c">
      <Filter>src\core\android</Filter>
    </ClCompile>
    <ClCompile Include="src\cpuinfo\SDL_cpuinfo.c">
      <Filter>src\cpuinfo</Filter>
    </ClCompile>
    <ClCompile Include="src\events\SDL_events.c">
      <Filter>src\events</Filter>
    </ClCompile>
    <ClCompile Include="src\events\SDL_gesture.c">
      <Filter>src\events</Filter>
    </ClCompile>
    <ClCompile Include="src\events\SDL_keyboard.c">
      <Filter>src\events</Filter>
    </ClCompile>
    <ClCompile Include="src\events\SDL_mouse.c">
      <Filter>src\events</Filter>
    </ClCompile>
    <ClCompile Include="src\events\SDL_quit.c">
      <Filter>src\events</Filter>
    </ClCompile>
    <ClCompile Include="src\events\SDL_touch.c">
      <Filter>src\events</Filter>
    </ClCompile>
    <ClCompile Include="src\events\SDL_windowevents.c">
      <Filter>src\events</Filter>
    </ClCompile>
    <ClCompile Include="src\events\SDL_clipboardevents.c">
      <Filter>src\events</Filter>
    </ClCompile>
    <ClCompile Include="src\events\SDL_dropevents.c">
      <Filter>src\events</Filter>
    </ClCompile>
    <ClCompile Include="src\file\SDL_rwops.c">
      <Filter>src\file</Filter>
    </ClCompile>
    <ClCompile Include="src\filesystem\dummy\SDL_sysfilesystem.c">
      <Filter>src\filesystem\dummy</Filter>
    </ClCompile>
    <ClCompile Include="src\haptic\SDL_haptic.c">
      <Filter>src\haptic</Filter>
    </ClCompile>
    <ClCompile Include="src\haptic\dummy\SDL_syshaptic.c">
      <Filter>src\haptic\dummy</Filter>
    </ClCompile>
    <ClCompile Include="src\joystick\SDL_gamecontroller.c">
      <Filter>src\joystick</Filter>
    </ClCompile>
    <ClCompile Include="src\joystick\SDL_joystick.c">
      <Filter>src\joystick</Filter>
    </ClCompile>
    <ClCompile Include="src\joystick\android\SDL_sysjoystick.c">
      <Filter>src\joystick\android</Filter>
    </ClCompile>
    <ClCompile Include="src\loadso\dlopen\SDL_sysloadso.c">
      <Filter>src\loadso\dlopen</Filter>
    </ClCompile>
    <ClCompile Include="src\power\SDL_power.c">
      <Filter>src\power</Filter>
    </ClCompile>
    <ClCompile Include="src\power\android\SDL_syspower.c">
      <Filter>src\power\android</Filter>
    </ClCompile>
    <ClCompile Include="src\render\SDL_render.c">
      <Filter>src\render</Filter>
    </ClCompile>
    <ClCompile Include="src\render\SDL_yuv_mmx.c">
      <Filter>src\render</Filter>
    </ClCompile>
    <ClCompile Include="src\render\SDL_yuv_sw.c">
      <Filter>src\render</Filter>
    </ClCompile>
    <ClCompile Include="src\render\software\SDL_drawline.c">
      <Filter>src\render\software</Filter>
    </ClCompile>
    <ClCompile Include="src\render\software\SDL_drawpoint.c">
      <Filter>src\render\software</Filter>
    </ClCompile>
    <ClCompile Include="src\render\software\SDL_render_sw.c">
      <Filter>src\render\software</Filter>
    </ClCompile>
    <ClCompile Include="src\render\software\SDL_rotate.c">
      <Filter>src\render\software</Filter>
    </ClCompile>
    <ClCompile Include="src\render\software\SDL_blendfillrect.c">
      <Filter>src\render\software</Filter>
    </ClCompile>
    <ClCompile Include="src\render\software\SDL_blendline.c">
      <Filter>src\render\software</Filter>
    </ClCompile>
    <ClCompile Include="src\render\software\SDL_blendpoint.c">
      <Filter>src\render\software</Filter>
    </ClCompile>
    <ClCompile Include="src\render\opengles2\SDL_shaders_gles2.c">
      <Filter>src\render\opengles2</Filter>
    </ClCompile>
    <ClCompile Include="src\render\opengles2\SDL_render_gles2.c">
      <Filter>src\render\opengles2</Filter>
    </ClCompile>
    <ClCompile Include="src\render\opengles\SDL_render_gles.c">
      <Filter>src\render\opengles</Filter>
    </ClCompile>
    <ClCompile Include="src\stdlib\SDL_malloc.c">
      <Filter>src\stdlib</Filter>
    </ClCompile>
    <ClCompile Include="src\stdlib\SDL_qsort.c">
      <Filter>src\stdlib</Filter>
    </ClCompile>
    <ClCompile Include="src\stdlib\SDL_stdlib.c">
      <Filter>src\stdlib</Filter>
    </ClCompile>
    <ClCompile Include="src\stdlib\SDL_string.c">
      <Filter>src\stdlib</Filter>
    </ClCompile>
    <ClCompile Include="src\stdlib\SDL_getenv.c">
      <Filter>src\stdlib</Filter>
    </ClCompile>
    <ClCompile Include="src\stdlib\SDL_iconv.c">
      <Filter>src\stdlib</Filter>
    </ClCompile>
    <ClCompile Include="src\thread\SDL_thread.c">
      <Filter>src\thread</Filter>
    </ClCompile>
    <ClCompile Include="src\thread\pthread\SDL_syscond.c">
      <Filter>src\thread\pthread</Filter>
    </ClCompile>
    <ClCompile Include="src\thread\pthread\SDL_sysmutex.c">
      <Filter>src\thread\pthread</Filter>
    </ClCompile>
    <ClCompile Include="src\thread\pthread\SDL_syssem.c">
      <Filter>src\thread\pthread</Filter>
    </ClCompile>
    <ClCompile Include="src\thread\pthread\SDL_systhread.c">
      <Filter>src\thread\pthread</Filter>
    </ClCompile>
    <ClCompile Include="src\thread\pthread\SDL_systls.c">
      <Filter>src\thread\pthread</Filter>
    </ClCompile>
    <ClCompile Include="src\timer\SDL_timer.c">
      <Filter>src\timer</Filter>
    </ClCompile>
    <ClCompile Include="src\timer\unix\SDL_systimer.c">
      <Filter>src\timer\unix</Filter>
    </ClCompile>
    <ClCompile Include="src\video\SDL_video.c">
      <Filter>src\video</Filter>
    </ClCompile>
    <ClCompile Include="src\video\SDL_blit.c">
      <Filter>src\video</Filter>
    </ClCompile>
    <ClCompile Include="src\video\SDL_blit_0.c">
      <Filter>src\video</Filter>
    </ClCompile>
    <ClCompile Include="src\video\SDL_blit_1.c">
      <Filter>src\video</Filter>
    </ClCompile>
    <ClCompile Include="src\video\SDL_blit_A.c">
      <Filter>src\video</Filter>
    </ClCompile>
    <ClCompile Include="src\video\SDL_blit_auto.c">
      <Filter>src\video</Filter>
    </ClCompile>
    <ClCompile Include="src\video\SDL_blit_copy.c">
      <Filter>src\video</Filter>
    </ClCompile>
    <ClCompile Include="src\video\SDL_blit_N.c">
      <Filter>src\video</Filter>
    </ClCompile>
    <ClCompile Include="src\video\SDL_blit_slow.c">
      <Filter>src\video</Filter>
    </ClCompile>
    <ClCompile Include="src\video\SDL_bmp.c">
      <Filter>src\video</Filter>
    </ClCompile>
    <ClCompile Include="src\video\SDL_clipboard.c">
      <Filter>src\video</Filter>
    </ClCompile>
    <ClCompile Include="src\video\SDL_egl.c">
      <Filter>src\video</Filter>
    </ClCompile>
    <ClCompile Include="src\video\SDL_fillrect.c">
      <Filter>src\video</Filter>
    </ClCompile>
    <ClCompile Include="src\video\SDL_pixels.c">
      <Filter>src\video</Filter>
    </ClCompile>
    <ClCompile Include="src\video\SDL_rect.c">
      <Filter>src\video</Filter>
    </ClCompile>
    <ClCompile Include="src\video\SDL_RLEaccel.c">
      <Filter>src\video</Filter>
    </ClCompile>
    <ClCompile Include="src\video\SDL_shape.c">
      <Filter>src\video</Filter>
    </ClCompile>
    <ClCompile Include="src\video\SDL_stretch.c">
      <Filter>src\video</Filter>
    </ClCompile>
    <ClCompile Include="src\video\SDL_surface.c">
      <Filter>src\video</Filter>
    </ClCompile>
    <ClCompile Include="src\video\android\SDL_androidkeyboard.c">
      <Filter>src\video\android</Filter>
    </ClCompile>
    <ClCompile Include="src\video\android\SDL_androidtouch.c">
      <Filter>src\video\android</Filter>
    </ClCompile>
    <ClCompile Include="src\video\android\SDL_androidvideo.c">
      <Filter>src\video\android</Filter>
    </ClCompile>
    <ClCompile Include="src\video\android\SDL_androidwindow.c">
      <Filter>src\video\android</Filter>
    </ClCompile>
    <ClCompile Include="src\video\android\SDL_androidclipboard.c">
      <Filter>src\video\android</Filter>
    </ClCompile>
    <ClCompile Include="src\video\android\SDL_androidevents.c">
      <Filter>src\video\android</Filter>
    </ClCompile>
    <ClCompile Include="src\video\android\SDL_androidgl.c">
      <Filter>src\video\android</Filter>
    </ClCompile>
    <ClCompile Include="src\SDL.c">
      <Filter>src</Filter>
    </ClCompile>
    <ClCompile Include="src\SDL_assert.c">
      <Filter>src</Filter>
    </ClCompile>
    <ClCompile Include="src\SDL_error.c">
      <Filter>src</Filter>
    </ClCompile>
    <ClCompile Include="src\SDL_hints.c">
      <Filter>src</Filter>
    </ClCompile>
    <ClCompile Include="src\SDL_log.c">
      <Filter>src</Filter>
    </ClCompile>
  </ItemGroup>
</Project>